
Microsoft Visual Studio Solution File, Format Version 12.00
# Visual Studio Version 16
VisualStudioVersion = 16.0.30717.126
MinimumVisualStudioVersion = 10.0.40219.1
Project("{9A19103F-16F7-4668-BE54-9A1E7A4F7556}") = "Language", "Language\Language.csproj", "{4A15BA8B-0E93-468B-9CD3-F6752A8F2974}"
EndProject
Project("{9A19103F-16F7-4668-BE54-9A1E7A4F7556}") = "Store", "Store\Store.csproj", "{1F3CFDBB-E846-4F37-B1A9-A3F45F4F1C1F}"
EndProject
Global
	GlobalSection(SolutionConfigurationPlatforms) = preSolution
		Debug|Any CPU = Debug|Any CPU
		Release|Any CPU = Release|Any CPU
	EndGlobalSection
	GlobalSection(ProjectConfigurationPlatforms) = postSolution
		{4A15BA8B-0E93-468B-9CD3-F6752A8F2974}.Debug|Any CPU.ActiveCfg = Release|Any CPU
		{4A15BA8B-0E93-468B-9CD3-F6752A8F2974}.Debug|Any CPU.Build.0 = Release|Any CPU
		{4A15BA8B-0E93-468B-9CD3-F6752A8F2974}.Release|Any CPU.ActiveCfg = Release|Any CPU
		{4A15BA8B-0E93-468B-9CD3-F6752A8F2974}.Release|Any CPU.Build.0 = Release|Any CPU
		{1F3CFDBB-E846-4F37-B1A9-A3F45F4F1C1F}.Debug|Any CPU.ActiveCfg = Release|Any CPU
		{1F3CFDBB-E846-4F37-B1A9-A3F45F4F1C1F}.Debug|Any CPU.Build.0 = Release|Any CPU
		{1F3CFDBB-E846-4F37-B1A9-A3F45F4F1C1F}.Release|Any CPU.ActiveCfg = Release|Any CPU
		{1F3CFDBB-E846-4F37-B1A9-A3F45F4F1C1F}.Release|Any CPU.Build.0 = Release|Any CPU
	EndGlobalSection
	GlobalSection(SolutionProperties) = preSolution
		HideSolutionNode = FALSE
	EndGlobalSection
	GlobalSection(ExtensibilityGlobals) = postSolution
		SolutionGuid = {3E2B9A03-8837-4832-88BA-989D42CA4C23}
	EndGlobalSection
EndGlobal
