
Microsoft Visual Studio Solution File, Format Version 12.00
# Visual Studio Version 17
Project("{8BC9CEB8-8B4A-11D0-8D11-00A0C91BC942}") = "ALL_BUILD", "ALL_BUILD.vcxproj", "{4C05DCDA-7FDF-3646-A95E-FEDC77364560}"
	ProjectSection(ProjectDependencies) = postProject
		{8F907604-2978-33FF-B18B-4698B370B4BC} = {8F907604-2978-33FF-B18B-4698B370B4BC}
		{C650B216-B65A-3543-931D-9A965E160B06} = {C650B216-B65A-3543-931D-9A965E160B06}
	EndProjectSection
EndProject
Project("{8BC9CEB8-8B4A-11D0-8D11-00A0C91BC942}") = "INSTALL", "INSTALL.vcxproj", "{CB57D9E8-612D-388E-991D-8B09AE91AD74}"
	ProjectSection(ProjectDependencies) = postProject
		{4C05DCDA-7FDF-3646-A95E-FEDC77364560} = {4C05DCDA-7FDF-3646-A95E-FEDC77364560}
		{8F907604-2978-33FF-B18B-4698B370B4BC} = {8F907604-2978-33FF-B18B-4698B370B4BC}
	EndProjectSection
EndProject
Project("{8BC9CEB8-8B4A-11D0-8D11-00A0C91BC942}") = "ZERO_CHECK", "ZERO_CHECK.vcxproj", "{8F907604-2978-33FF-B18B-4698B370B4BC}"
	ProjectSection(ProjectDependencies) = postProject
	EndProjectSection
EndProject
Project("{8BC9CEB8-8B4A-11D0-8D11-00A0C91BC942}") = "cimgui", "cimgui.vcxproj", "{C650B216-B65A-3543-931D-9A965E160B06}"
	ProjectSection(ProjectDependencies) = postProject
		{8F907604-2978-33FF-B18B-4698B370B4BC} = {8F907604-2978-33FF-B18B-4698B370B4BC}
	EndProjectSection
EndProject
Global
	GlobalSection(SolutionConfigurationPlatforms) = preSolution
		Debug|ARM = Debug|ARM
		Release|ARM = Release|ARM
		MinSizeRel|ARM = MinSizeRel|ARM
		RelWithDebInfo|ARM = RelWithDebInfo|ARM
	EndGlobalSection
	GlobalSection(ProjectConfigurationPlatforms) = postSolution
		{4C05DCDA-7FDF-3646-A95E-FEDC77364560}.Debug|ARM.ActiveCfg = Debug|ARM
		{4C05DCDA-7FDF-3646-A95E-FEDC77364560}.Debug|ARM.Build.0 = Debug|ARM
		{4C05DCDA-7FDF-3646-A95E-FEDC77364560}.Release|ARM.ActiveCfg = Release|ARM
		{4C05DCDA-7FDF-3646-A95E-FEDC77364560}.Release|ARM.Build.0 = Release|ARM
		{4C05DCDA-7FDF-3646-A95E-FEDC77364560}.MinSizeRel|ARM.ActiveCfg = MinSizeRel|ARM
		{4C05DCDA-7FDF-3646-A95E-FEDC77364560}.MinSizeRel|ARM.Build.0 = MinSizeRel|ARM
		{4C05DCDA-7FDF-3646-A95E-FEDC77364560}.RelWithDebInfo|ARM.ActiveCfg = RelWithDebInfo|ARM
		{4C05DCDA-7FDF-3646-A95E-FEDC77364560}.RelWithDebInfo|ARM.Build.0 = RelWithDebInfo|ARM
		{CB57D9E8-612D-388E-991D-8B09AE91AD74}.Debug|ARM.ActiveCfg = Debug|ARM
		{CB57D9E8-612D-388E-991D-8B09AE91AD74}.Release|ARM.ActiveCfg = Release|ARM
		{CB57D9E8-612D-388E-991D-8B09AE91AD74}.MinSizeRel|ARM.ActiveCfg = MinSizeRel|ARM
		{CB57D9E8-612D-388E-991D-8B09AE91AD74}.RelWithDebInfo|ARM.ActiveCfg = RelWithDebInfo|ARM
		{8F907604-2978-33FF-B18B-4698B370B4BC}.Debug|ARM.ActiveCfg = Debug|ARM
		{8F907604-2978-33FF-B18B-4698B370B4BC}.Debug|ARM.Build.0 = Debug|ARM
		{8F907604-2978-33FF-B18B-4698B370B4BC}.Release|ARM.ActiveCfg = Release|ARM
		{8F907604-2978-33FF-B18B-4698B370B4BC}.Release|ARM.Build.0 = Release|ARM
		{8F907604-2978-33FF-B18B-4698B370B4BC}.MinSizeRel|ARM.ActiveCfg = MinSizeRel|ARM
		{8F907604-2978-33FF-B18B-4698B370B4BC}.MinSizeRel|ARM.Build.0 = MinSizeRel|ARM
		{8F907604-2978-33FF-B18B-4698B370B4BC}.RelWithDebInfo|ARM.ActiveCfg = RelWithDebInfo|ARM
		{8F907604-2978-33FF-B18B-4698B370B4BC}.RelWithDebInfo|ARM.Build.0 = RelWithDebInfo|ARM
		{C650B216-B65A-3543-931D-9A965E160B06}.Debug|ARM.ActiveCfg = Debug|ARM
		{C650B216-B65A-3543-931D-9A965E160B06}.Debug|ARM.Build.0 = Debug|ARM
		{C650B216-B65A-3543-931D-9A965E160B06}.Release|ARM.ActiveCfg = Release|ARM
		{C650B216-B65A-3543-931D-9A965E160B06}.Release|ARM.Build.0 = Release|ARM
		{C650B216-B65A-3543-931D-9A965E160B06}.MinSizeRel|ARM.ActiveCfg = MinSizeRel|ARM
		{C650B216-B65A-3543-931D-9A965E160B06}.MinSizeRel|ARM.Build.0 = MinSizeRel|ARM
		{C650B216-B65A-3543-931D-9A965E160B06}.RelWithDebInfo|ARM.ActiveCfg = RelWithDebInfo|ARM
		{C650B216-B65A-3543-931D-9A965E160B06}.RelWithDebInfo|ARM.Build.0 = RelWithDebInfo|ARM
	EndGlobalSection
	GlobalSection(ExtensibilityGlobals) = postSolution
		SolutionGuid = {A8B938C0-C0C8-38A1-A47E-24329E0089D3}
	EndGlobalSection
	GlobalSection(ExtensibilityAddIns) = postSolution
	EndGlobalSection
EndGlobal
