<?xml version="1.0" encoding="utf-8"?>
<Project ToolsVersion="17.0" xmlns="http://schemas.microsoft.com/developer/msbuild/2003">
  <ItemGroup>
    <CustomBuild Include="C:\Users\pabllopf\Desktop\Alis\4_Operation\Graphic\binding\cimgui\buildARM\CMakeFiles\ac4690a33b6b8ad52ecda0d828350b5f\generate.stamp.rule">
      <Filter>CMake Rules</Filter>
    </CustomBuild>
  </ItemGroup>
  <ItemGroup>
    <Filter Include="CMake Rules">
      <UniqueIdentifier>{E8575765-1F99-3164-945F-9650599D4C27}</UniqueIdentifier>
    </Filter>
  </ItemGroup>
</Project>
