
Microsoft Visual Studio Solution File, Format Version 12.00
# Visual Studio Version 16
VisualStudioVersion = 16.0.30717.126
MinimumVisualStudioVersion = 10.0.40219.1
Project("{2150E333-8FDC-42A3-9474-1A3956D46DE8}") = "3_Adaptation", "3_Adaptation", "{0D554058-5B9C-43B7-B23D-5818B46E8FC9}"
EndProject
Project("{2150E333-8FDC-42A3-9474-1A3956D46DE8}") = "1_Presentation", "1_Presentation", "{C9BEFED7-0144-49F9-8B29-FC2B736E2AE9}"
EndProject
Project("{2150E333-8FDC-42A3-9474-1A3956D46DE8}") = "4_Domain", "4_Domain", "{5D7ECD00-02F7-467C-B308-A8F1FF7A7341}"
EndProject
Project("{2150E333-8FDC-42A3-9474-1A3956D46DE8}") = "Core", "Core", "{152CF521-3111-4144-BD7C-FC7FB37C9F0D}"
EndProject
Project("{2150E333-8FDC-42A3-9474-1A3956D46DE8}") = "Tools", "Tools", "{DFFFD210-FA2C-4573-8BC4-DC5F14FCA3FB}"
EndProject
Project("{2150E333-8FDC-42A3-9474-1A3956D46DE8}") = "SFML", "SFML", "{90DD40EF-F3D3-4968-B914-3BF1AC4CFDB5}"
EndProject
Project("{2150E333-8FDC-42A3-9474-1A3956D46DE8}") = "OpenGL", "OpenGL", "{AA535351-3EDC-40AB-89B6-B93CAB93662C}"
EndProject
Project("{2150E333-8FDC-42A3-9474-1A3956D46DE8}") = "Fluent", "Fluent", "{51D459E9-071A-4A39-90EE-3BD024F890A7}"
EndProject
Project("{2150E333-8FDC-42A3-9474-1A3956D46DE8}") = "Editor", "Editor", "{EC8FA1B1-EA4C-45A3-ABEB-3E0EBBC0898B}"
EndProject
Project("{9A19103F-16F7-4668-BE54-9A1E7A4F7556}") = "Alis.Editor", "1_presentation\editor\alis.editor\Alis.Editor.csproj", "{033B6332-8ED0-4299-9180-8D506FB34B31}"
EndProject
Project("{9A19103F-16F7-4668-BE54-9A1E7A4F7556}") = "Alis.Editor.Benchmark", "1_presentation\editor\alis.editor.benchmark\Alis.Editor.Benchmark.csproj", "{08500C4C-9056-4B92-91D4-D86579A08537}"
EndProject
Project("{9A19103F-16F7-4668-BE54-9A1E7A4F7556}") = "Alis.Editor.Example", "1_presentation\editor\alis.editor.example\Alis.Editor.Example.csproj", "{D130B96C-9921-4544-8651-5CAC4A5AE705}"
EndProject
Project("{9A19103F-16F7-4668-BE54-9A1E7A4F7556}") = "Alis.Editor.Test", "1_presentation\editor\alis.editor.test\Alis.Editor.Test.csproj", "{C5BDD69B-A3C5-493D-BF31-19193837C5FD}"
EndProject
Project("{2150E333-8FDC-42A3-9474-1A3956D46DE8}") = "2_Application", "2_Application", "{8040226E-AF16-4FC2-935C-50AFEC388C42}"
EndProject
Project("{FAE04EC0-301F-11D3-BF4B-00C04F79EFBC}") = "Alis.Core", "4_domain\core\alis.core\Alis.Core.csproj", "{26219AC6-E8E9-4F30-AF2F-D3F9890F8EE8}"
EndProject
Project("{FAE04EC0-301F-11D3-BF4B-00C04F79EFBC}") = "Alis.Core.Benchmark", "4_domain\core\alis.core.benchmark\Alis.Core.Benchmark.csproj", "{54F7DEDD-A000-44A8-80F9-B35F784243F9}"
EndProject
Project("{FAE04EC0-301F-11D3-BF4B-00C04F79EFBC}") = "Alis.Core.Example", "4_domain\core\alis.core.example\Alis.Core.Example.csproj", "{17D6DA3D-6D1D-464D-BC6F-FB55C5BE7A5D}"
EndProject
Project("{FAE04EC0-301F-11D3-BF4B-00C04F79EFBC}") = "Alis.Core.Test", "4_domain\core\alis.core.test\Alis.Core.Test.csproj", "{8CED9F50-A279-4F23-8328-019980E31B55}"
EndProject
Project("{FAE04EC0-301F-11D3-BF4B-00C04F79EFBC}") = "Alis.FluentApi", "4_domain\fluent\alis.fluentapi\Alis.FluentApi.csproj", "{16DA7079-8B09-4CFD-AF54-05A3BC064779}"
EndProject
Project("{FAE04EC0-301F-11D3-BF4B-00C04F79EFBC}") = "Alis.FluentApi.Example", "4_domain\fluent\alis.fluentapi.example\Alis.FluentApi.Example.csproj", "{E224FD4F-7E68-4526-BFEA-EB584E787D5F}"
EndProject
Project("{FAE04EC0-301F-11D3-BF4B-00C04F79EFBC}") = "Alis.FluentApi.Test", "4_domain\fluent\alis.fluentapi.test\Alis.FluentApi.Test.csproj", "{A6A6D278-7C9F-4320-8ED7-9A44E6E09195}"
EndProject
Project("{FAE04EC0-301F-11D3-BF4B-00C04F79EFBC}") = "Alis.Tools", "4_domain\tools\alis.tools\Alis.Tools.csproj", "{3520E15B-1BC7-4807-A4C1-6E9AA34D61D3}"
EndProject
Project("{FAE04EC0-301F-11D3-BF4B-00C04F79EFBC}") = "Alis.Tools.Benchmark", "4_domain\tools\alis.tools.benchmark\Alis.Tools.Benchmark.csproj", "{E066B559-E7C0-4E2B-B91A-F4784EF47330}"
EndProject
Project("{FAE04EC0-301F-11D3-BF4B-00C04F79EFBC}") = "Alis.Tools.Example", "4_domain\tools\alis.tools.examples\Alis.Tools.Example.csproj", "{480B5C3C-FA28-4DF4-851B-B17729C7A1CB}"
EndProject
Project("{FAE04EC0-301F-11D3-BF4B-00C04F79EFBC}") = "Alis.Tools.Test", "4_domain\tools\alis.tools.test\Alis.Tools.Test.csproj", "{5529707C-749C-4DB7-A390-26220F192FB5}"
EndProject
Project("{FAE04EC0-301F-11D3-BF4B-00C04F79EFBC}") = "Alis.Core.OpenGL", "3_adaptation\opengl\alis.core.opengl\Alis.Core.OpenGL.csproj", "{6D1AEBF6-BC2A-4822-BC6A-095E2DEEFC25}"
EndProject
Project("{FAE04EC0-301F-11D3-BF4B-00C04F79EFBC}") = "Alis.Core.OpenGL.Benchmark", "3_adaptation\opengl\alis.core.opengl.benchmark\Alis.Core.OpenGL.Benchmark.csproj", "{FADFBFD1-CF16-43CB-8E04-02284E58AACC}"
EndProject
Project("{FAE04EC0-301F-11D3-BF4B-00C04F79EFBC}") = "Alis.Core.OpenGL.Example", "3_adaptation\opengl\alis.core.opengl.example\Alis.Core.OpenGL.Example.csproj", "{54E32D80-2825-43BD-A6EF-F8BFF8CE9DEE}"
EndProject
Project("{FAE04EC0-301F-11D3-BF4B-00C04F79EFBC}") = "Alis.Core.OpenGL.Test", "3_adaptation\opengl\alis.core.opengl.test\Alis.Core.OpenGL.Test.csproj", "{4DD9A5AF-BBE5-4B20-B114-2B4A9F97F651}"
EndProject
Project("{FAE04EC0-301F-11D3-BF4B-00C04F79EFBC}") = "Alis.Core.Sfml", "3_adaptation\sfml\alis.core.sfml\Alis.Core.Sfml.csproj", "{17AA8035-78D6-41F2-A642-DEAD0F859037}"
EndProject
Project("{FAE04EC0-301F-11D3-BF4B-00C04F79EFBC}") = "Alis.Core.SFML.Benchmark", "3_adaptation\sfml\alis.core.sfml.benchmark\Alis.Core.SFML.Benchmark.csproj", "{8D9A01F3-C32B-4FEC-BA51-0AEEA7F16825}"
EndProject
Project("{FAE04EC0-301F-11D3-BF4B-00C04F79EFBC}") = "Alis.Core.SFML.Example", "3_adaptation\sfml\alis.core.sfml.example\Alis.Core.SFML.Example.csproj", "{C91597FE-45D3-494B-8BC8-32ABE04B8E16}"
EndProject
Project("{FAE04EC0-301F-11D3-BF4B-00C04F79EFBC}") = "Alis.Core.SFML.Test", "3_adaptation\sfml\alis.core.sfml.test\Alis.Core.SFML.Test.csproj", "{2EB48513-83ED-40D8-B3AD-9C65F13D7B36}"
EndProject
Project("{2150E333-8FDC-42A3-9474-1A3956D46DE8}") = "Alis", "Alis", "{1C078B0B-7D05-41A5-B92A-6B096EBD12B9}"
EndProject
Project("{FAE04EC0-301F-11D3-BF4B-00C04F79EFBC}") = "Alis", "2_application\alis\Alis.csproj", "{5B3EB242-9B75-41D1-A654-2EAC7F1FD24D}"
EndProject
Project("{FAE04EC0-301F-11D3-BF4B-00C04F79EFBC}") = "Alis.Example", "2_application\alis.example\Alis.Example.csproj", "{48B84E83-58E0-4F3F-ABBB-98471B3A2931}"
EndProject
Project("{FAE04EC0-301F-11D3-BF4B-00C04F79EFBC}") = "Alis.Test", "2_application\alis.test\Alis.Test.csproj", "{423B71A1-1123-4C18-A1A9-AA2B2875414C}"
EndProject
Project("{2150E333-8FDC-42A3-9474-1A3956D46DE8}") = "Systems", "Systems", "{3C7DAFAB-22FA-47F2-9CA3-06DC8904D88A}"
EndProject
Project("{2150E333-8FDC-42A3-9474-1A3956D46DE8}") = "Physics", "Physics", "{6FE61B37-61B3-4C76-A0A2-66192D5C2FEF}"
EndProject
Project("{FAE04EC0-301F-11D3-BF4B-00C04F79EFBC}") = "Alis.Core.Systems.Physics2D", "4_domain\core\systems\physics\Alis.Core.Systems.Physics2D\Alis.Core.Systems.Physics2D.csproj", "{084A48E8-8335-4674-BC89-9EECEC5AB74A}"
EndProject
Project("{FAE04EC0-301F-11D3-BF4B-00C04F79EFBC}") = "Alis.Core.Systems.Physics3D", "4_domain\core\systems\physics\Alis.Core.Systems.Physics3D\Alis.Core.Systems.Physics3D.csproj", "{EABBB3C0-AC5C-4181-A672-68AE2FEB2E4D}"
EndProject
Project("{2150E333-8FDC-42A3-9474-1A3956D46DE8}") = "Audio", "Audio", "{93D02DAE-90D2-4F54-9395-87B342F28C19}"
EndProject
Project("{2150E333-8FDC-42A3-9474-1A3956D46DE8}") = "Graphics", "Graphics", "{7043F897-683D-4778-A74E-33C2B135931E}"
EndProject
Global
	GlobalSection(SolutionConfigurationPlatforms) = preSolution
		Debug|x64 = Debug|x64
		Debug|x86 = Debug|x86
		Debug|ARM64 = Debug|ARM64
		Release|x64 = Release|x64
		Release|x86 = Release|x86
		Release|ARM64 = Release|ARM64
	EndGlobalSection
	GlobalSection(ProjectConfigurationPlatforms) = postSolution
		{033B6332-8ED0-4299-9180-8D506FB34B31}.Debug|x64.ActiveCfg = Debug|x64
		{033B6332-8ED0-4299-9180-8D506FB34B31}.Debug|x64.Build.0 = Debug|x64
		{033B6332-8ED0-4299-9180-8D506FB34B31}.Release|x64.ActiveCfg = Release|x64
		{033B6332-8ED0-4299-9180-8D506FB34B31}.Release|x64.Build.0 = Release|x64
		{033B6332-8ED0-4299-9180-8D506FB34B31}.Debug|x86.ActiveCfg = Debug|x86
		{033B6332-8ED0-4299-9180-8D506FB34B31}.Debug|x86.Build.0 = Debug|x86
		{033B6332-8ED0-4299-9180-8D506FB34B31}.Release|x86.ActiveCfg = Release|x86
		{033B6332-8ED0-4299-9180-8D506FB34B31}.Release|x86.Build.0 = Release|x86
		{033B6332-8ED0-4299-9180-8D506FB34B31}.Debug|ARM64.ActiveCfg = Debug|ARM64
		{033B6332-8ED0-4299-9180-8D506FB34B31}.Debug|ARM64.Build.0 = Debug|ARM64
		{033B6332-8ED0-4299-9180-8D506FB34B31}.Release|ARM64.ActiveCfg = Release|ARM64
		{033B6332-8ED0-4299-9180-8D506FB34B31}.Release|ARM64.Build.0 = Release|ARM64
		{08500C4C-9056-4B92-91D4-D86579A08537}.Debug|x64.ActiveCfg = Debug|x64
		{08500C4C-9056-4B92-91D4-D86579A08537}.Debug|x64.Build.0 = Debug|x64
		{08500C4C-9056-4B92-91D4-D86579A08537}.Release|x64.ActiveCfg = Release|x64
		{08500C4C-9056-4B92-91D4-D86579A08537}.Release|x64.Build.0 = Release|x64
		{08500C4C-9056-4B92-91D4-D86579A08537}.Debug|x86.ActiveCfg = Debug|x86
		{08500C4C-9056-4B92-91D4-D86579A08537}.Debug|x86.Build.0 = Debug|x86
		{08500C4C-9056-4B92-91D4-D86579A08537}.Release|x86.ActiveCfg = Release|x86
		{08500C4C-9056-4B92-91D4-D86579A08537}.Release|x86.Build.0 = Release|x86
		{08500C4C-9056-4B92-91D4-D86579A08537}.Debug|ARM64.ActiveCfg = Debug|ARM64
		{08500C4C-9056-4B92-91D4-D86579A08537}.Debug|ARM64.Build.0 = Debug|ARM64
		{08500C4C-9056-4B92-91D4-D86579A08537}.Release|ARM64.ActiveCfg = Release|ARM64
		{08500C4C-9056-4B92-91D4-D86579A08537}.Release|ARM64.Build.0 = Release|ARM64
		{D130B96C-9921-4544-8651-5CAC4A5AE705}.Debug|x64.ActiveCfg = Debug|x64
		{D130B96C-9921-4544-8651-5CAC4A5AE705}.Debug|x64.Build.0 = Debug|x64
		{D130B96C-9921-4544-8651-5CAC4A5AE705}.Release|x64.ActiveCfg = Release|x64
		{D130B96C-9921-4544-8651-5CAC4A5AE705}.Release|x64.Build.0 = Release|x64
		{D130B96C-9921-4544-8651-5CAC4A5AE705}.Debug|x86.ActiveCfg = Debug|x86
		{D130B96C-9921-4544-8651-5CAC4A5AE705}.Debug|x86.Build.0 = Debug|x86
		{D130B96C-9921-4544-8651-5CAC4A5AE705}.Release|x86.ActiveCfg = Release|x86
		{D130B96C-9921-4544-8651-5CAC4A5AE705}.Release|x86.Build.0 = Release|x86
		{D130B96C-9921-4544-8651-5CAC4A5AE705}.Debug|ARM64.ActiveCfg = Debug|ARM64
		{D130B96C-9921-4544-8651-5CAC4A5AE705}.Debug|ARM64.Build.0 = Debug|ARM64
		{D130B96C-9921-4544-8651-5CAC4A5AE705}.Release|ARM64.ActiveCfg = Release|ARM64
		{D130B96C-9921-4544-8651-5CAC4A5AE705}.Release|ARM64.Build.0 = Release|ARM64
		{C5BDD69B-A3C5-493D-BF31-19193837C5FD}.Debug|x64.ActiveCfg = Debug|x64
		{C5BDD69B-A3C5-493D-BF31-19193837C5FD}.Debug|x64.Build.0 = Debug|x64
		{C5BDD69B-A3C5-493D-BF31-19193837C5FD}.Release|x64.ActiveCfg = Release|x64
		{C5BDD69B-A3C5-493D-BF31-19193837C5FD}.Release|x64.Build.0 = Release|x64
		{C5BDD69B-A3C5-493D-BF31-19193837C5FD}.Debug|x86.ActiveCfg = Debug|x86
		{C5BDD69B-A3C5-493D-BF31-19193837C5FD}.Debug|x86.Build.0 = Debug|x86
		{C5BDD69B-A3C5-493D-BF31-19193837C5FD}.Release|x86.ActiveCfg = Release|x86
		{C5BDD69B-A3C5-493D-BF31-19193837C5FD}.Release|x86.Build.0 = Release|x86
		{C5BDD69B-A3C5-493D-BF31-19193837C5FD}.Debug|ARM64.ActiveCfg = Debug|ARM64
		{C5BDD69B-A3C5-493D-BF31-19193837C5FD}.Debug|ARM64.Build.0 = Debug|ARM64
		{C5BDD69B-A3C5-493D-BF31-19193837C5FD}.Release|ARM64.ActiveCfg = Release|ARM64
		{C5BDD69B-A3C5-493D-BF31-19193837C5FD}.Release|ARM64.Build.0 = Release|ARM64
		{26219AC6-E8E9-4F30-AF2F-D3F9890F8EE8}.Debug|x64.ActiveCfg = Debug|x64
		{26219AC6-E8E9-4F30-AF2F-D3F9890F8EE8}.Debug|x64.Build.0 = Debug|x64
		{26219AC6-E8E9-4F30-AF2F-D3F9890F8EE8}.Release|x64.ActiveCfg = Release|x64
		{26219AC6-E8E9-4F30-AF2F-D3F9890F8EE8}.Release|x64.Build.0 = Release|x64
		{26219AC6-E8E9-4F30-AF2F-D3F9890F8EE8}.Debug|x86.ActiveCfg = Debug|x86
		{26219AC6-E8E9-4F30-AF2F-D3F9890F8EE8}.Debug|x86.Build.0 = Debug|x86
		{26219AC6-E8E9-4F30-AF2F-D3F9890F8EE8}.Release|x86.ActiveCfg = Release|x86
		{26219AC6-E8E9-4F30-AF2F-D3F9890F8EE8}.Release|x86.Build.0 = Release|x86
		{26219AC6-E8E9-4F30-AF2F-D3F9890F8EE8}.Debug|ARM64.ActiveCfg = Debug|ARM64
		{26219AC6-E8E9-4F30-AF2F-D3F9890F8EE8}.Debug|ARM64.Build.0 = Debug|ARM64
		{26219AC6-E8E9-4F30-AF2F-D3F9890F8EE8}.Release|ARM64.ActiveCfg = Release|ARM64
		{26219AC6-E8E9-4F30-AF2F-D3F9890F8EE8}.Release|ARM64.Build.0 = Release|ARM64
		{54F7DEDD-A000-44A8-80F9-B35F784243F9}.Debug|x64.ActiveCfg = Debug|x64
		{54F7DEDD-A000-44A8-80F9-B35F784243F9}.Debug|x64.Build.0 = Debug|x64
		{54F7DEDD-A000-44A8-80F9-B35F784243F9}.Release|x64.ActiveCfg = Release|x64
		{54F7DEDD-A000-44A8-80F9-B35F784243F9}.Release|x64.Build.0 = Release|x64
		{54F7DEDD-A000-44A8-80F9-B35F784243F9}.Debug|x86.ActiveCfg = Debug|x86
		{54F7DEDD-A000-44A8-80F9-B35F784243F9}.Debug|x86.Build.0 = Debug|x86
		{54F7DEDD-A000-44A8-80F9-B35F784243F9}.Release|x86.ActiveCfg = Release|x86
		{54F7DEDD-A000-44A8-80F9-B35F784243F9}.Release|x86.Build.0 = Release|x86
		{54F7DEDD-A000-44A8-80F9-B35F784243F9}.Debug|ARM64.ActiveCfg = Debug|ARM64
		{54F7DEDD-A000-44A8-80F9-B35F784243F9}.Debug|ARM64.Build.0 = Debug|ARM64
		{54F7DEDD-A000-44A8-80F9-B35F784243F9}.Release|ARM64.ActiveCfg = Release|ARM64
		{54F7DEDD-A000-44A8-80F9-B35F784243F9}.Release|ARM64.Build.0 = Release|ARM64
		{17D6DA3D-6D1D-464D-BC6F-FB55C5BE7A5D}.Debug|x64.ActiveCfg = Debug|x64
		{17D6DA3D-6D1D-464D-BC6F-FB55C5BE7A5D}.Debug|x64.Build.0 = Debug|x64
		{17D6DA3D-6D1D-464D-BC6F-FB55C5BE7A5D}.Release|x64.ActiveCfg = Release|x64
		{17D6DA3D-6D1D-464D-BC6F-FB55C5BE7A5D}.Release|x64.Build.0 = Release|x64
		{17D6DA3D-6D1D-464D-BC6F-FB55C5BE7A5D}.Debug|x86.ActiveCfg = Debug|x86
		{17D6DA3D-6D1D-464D-BC6F-FB55C5BE7A5D}.Debug|x86.Build.0 = Debug|x86
		{17D6DA3D-6D1D-464D-BC6F-FB55C5BE7A5D}.Release|x86.ActiveCfg = Release|x86
		{17D6DA3D-6D1D-464D-BC6F-FB55C5BE7A5D}.Release|x86.Build.0 = Release|x86
		{17D6DA3D-6D1D-464D-BC6F-FB55C5BE7A5D}.Debug|ARM64.ActiveCfg = Debug|ARM64
		{17D6DA3D-6D1D-464D-BC6F-FB55C5BE7A5D}.Debug|ARM64.Build.0 = Debug|ARM64
		{17D6DA3D-6D1D-464D-BC6F-FB55C5BE7A5D}.Release|ARM64.ActiveCfg = Release|ARM64
		{17D6DA3D-6D1D-464D-BC6F-FB55C5BE7A5D}.Release|ARM64.Build.0 = Release|ARM64
		{8CED9F50-A279-4F23-8328-019980E31B55}.Debug|x64.ActiveCfg = Debug|x64
		{8CED9F50-A279-4F23-8328-019980E31B55}.Debug|x64.Build.0 = Debug|x64
		{8CED9F50-A279-4F23-8328-019980E31B55}.Release|x64.ActiveCfg = Release|x64
		{8CED9F50-A279-4F23-8328-019980E31B55}.Release|x64.Build.0 = Release|x64
		{8CED9F50-A279-4F23-8328-019980E31B55}.Debug|x86.ActiveCfg = Debug|x86
		{8CED9F50-A279-4F23-8328-019980E31B55}.Debug|x86.Build.0 = Debug|x86
		{8CED9F50-A279-4F23-8328-019980E31B55}.Release|x86.ActiveCfg = Release|x86
		{8CED9F50-A279-4F23-8328-019980E31B55}.Release|x86.Build.0 = Release|x86
		{8CED9F50-A279-4F23-8328-019980E31B55}.Debug|ARM64.ActiveCfg = Debug|ARM64
		{8CED9F50-A279-4F23-8328-019980E31B55}.Debug|ARM64.Build.0 = Debug|ARM64
		{8CED9F50-A279-4F23-8328-019980E31B55}.Release|ARM64.ActiveCfg = Release|ARM64
		{8CED9F50-A279-4F23-8328-019980E31B55}.Release|ARM64.Build.0 = Release|ARM64
		{16DA7079-8B09-4CFD-AF54-05A3BC064779}.Debug|x64.ActiveCfg = Debug|x64
		{16DA7079-8B09-4CFD-AF54-05A3BC064779}.Debug|x64.Build.0 = Debug|x64
		{16DA7079-8B09-4CFD-AF54-05A3BC064779}.Release|x64.ActiveCfg = Release|x64
		{16DA7079-8B09-4CFD-AF54-05A3BC064779}.Release|x64.Build.0 = Release|x64
		{16DA7079-8B09-4CFD-AF54-05A3BC064779}.Debug|x86.ActiveCfg = Debug|x86
		{16DA7079-8B09-4CFD-AF54-05A3BC064779}.Debug|x86.Build.0 = Debug|x86
		{16DA7079-8B09-4CFD-AF54-05A3BC064779}.Release|x86.ActiveCfg = Release|x86
		{16DA7079-8B09-4CFD-AF54-05A3BC064779}.Release|x86.Build.0 = Release|x86
		{16DA7079-8B09-4CFD-AF54-05A3BC064779}.Debug|ARM64.ActiveCfg = Debug|ARM64
		{16DA7079-8B09-4CFD-AF54-05A3BC064779}.Debug|ARM64.Build.0 = Debug|ARM64
		{16DA7079-8B09-4CFD-AF54-05A3BC064779}.Release|ARM64.ActiveCfg = Release|ARM64
		{16DA7079-8B09-4CFD-AF54-05A3BC064779}.Release|ARM64.Build.0 = Release|ARM64
		{E224FD4F-7E68-4526-BFEA-EB584E787D5F}.Debug|x64.ActiveCfg = Debug|x64
		{E224FD4F-7E68-4526-BFEA-EB584E787D5F}.Debug|x64.Build.0 = Debug|x64
		{E224FD4F-7E68-4526-BFEA-EB584E787D5F}.Release|x64.ActiveCfg = Release|x64
		{E224FD4F-7E68-4526-BFEA-EB584E787D5F}.Release|x64.Build.0 = Release|x64
		{E224FD4F-7E68-4526-BFEA-EB584E787D5F}.Debug|x86.ActiveCfg = Debug|x86
		{E224FD4F-7E68-4526-BFEA-EB584E787D5F}.Debug|x86.Build.0 = Debug|x86
		{E224FD4F-7E68-4526-BFEA-EB584E787D5F}.Release|x86.ActiveCfg = Release|x86
		{E224FD4F-7E68-4526-BFEA-EB584E787D5F}.Release|x86.Build.0 = Release|x86
		{E224FD4F-7E68-4526-BFEA-EB584E787D5F}.Debug|ARM64.ActiveCfg = Debug|ARM64
		{E224FD4F-7E68-4526-BFEA-EB584E787D5F}.Debug|ARM64.Build.0 = Debug|ARM64
		{E224FD4F-7E68-4526-BFEA-EB584E787D5F}.Release|ARM64.ActiveCfg = Release|ARM64
		{E224FD4F-7E68-4526-BFEA-EB584E787D5F}.Release|ARM64.Build.0 = Release|ARM64
		{A6A6D278-7C9F-4320-8ED7-9A44E6E09195}.Debug|x64.ActiveCfg = Debug|x64
		{A6A6D278-7C9F-4320-8ED7-9A44E6E09195}.Debug|x64.Build.0 = Debug|x64
		{A6A6D278-7C9F-4320-8ED7-9A44E6E09195}.Release|x64.ActiveCfg = Release|x64
		{A6A6D278-7C9F-4320-8ED7-9A44E6E09195}.Release|x64.Build.0 = Release|x64
		{A6A6D278-7C9F-4320-8ED7-9A44E6E09195}.Debug|x86.ActiveCfg = Debug|x86
		{A6A6D278-7C9F-4320-8ED7-9A44E6E09195}.Debug|x86.Build.0 = Debug|x86
		{A6A6D278-7C9F-4320-8ED7-9A44E6E09195}.Release|x86.ActiveCfg = Release|x86
		{A6A6D278-7C9F-4320-8ED7-9A44E6E09195}.Release|x86.Build.0 = Release|x86
		{A6A6D278-7C9F-4320-8ED7-9A44E6E09195}.Debug|ARM64.ActiveCfg = Debug|ARM64
		{A6A6D278-7C9F-4320-8ED7-9A44E6E09195}.Debug|ARM64.Build.0 = Debug|ARM64
		{A6A6D278-7C9F-4320-8ED7-9A44E6E09195}.Release|ARM64.ActiveCfg = Release|ARM64
		{A6A6D278-7C9F-4320-8ED7-9A44E6E09195}.Release|ARM64.Build.0 = Release|ARM64
		{3520E15B-1BC7-4807-A4C1-6E9AA34D61D3}.Debug|x64.ActiveCfg = Debug|x64
		{3520E15B-1BC7-4807-A4C1-6E9AA34D61D3}.Debug|x64.Build.0 = Debug|x64
		{3520E15B-1BC7-4807-A4C1-6E9AA34D61D3}.Release|x64.ActiveCfg = Release|x64
		{3520E15B-1BC7-4807-A4C1-6E9AA34D61D3}.Release|x64.Build.0 = Release|x64
		{3520E15B-1BC7-4807-A4C1-6E9AA34D61D3}.Debug|x86.ActiveCfg = Debug|x86
		{3520E15B-1BC7-4807-A4C1-6E9AA34D61D3}.Debug|x86.Build.0 = Debug|x86
		{3520E15B-1BC7-4807-A4C1-6E9AA34D61D3}.Release|x86.ActiveCfg = Release|x86
		{3520E15B-1BC7-4807-A4C1-6E9AA34D61D3}.Release|x86.Build.0 = Release|x86
		{3520E15B-1BC7-4807-A4C1-6E9AA34D61D3}.Debug|ARM64.ActiveCfg = Debug|ARM64
		{3520E15B-1BC7-4807-A4C1-6E9AA34D61D3}.Debug|ARM64.Build.0 = Debug|ARM64
		{3520E15B-1BC7-4807-A4C1-6E9AA34D61D3}.Release|ARM64.ActiveCfg = Release|ARM64
		{3520E15B-1BC7-4807-A4C1-6E9AA34D61D3}.Release|ARM64.Build.0 = Release|ARM64
		{E066B559-E7C0-4E2B-B91A-F4784EF47330}.Debug|x64.ActiveCfg = Debug|x64
		{E066B559-E7C0-4E2B-B91A-F4784EF47330}.Debug|x64.Build.0 = Debug|x64
		{E066B559-E7C0-4E2B-B91A-F4784EF47330}.Release|x64.ActiveCfg = Release|x64
		{E066B559-E7C0-4E2B-B91A-F4784EF47330}.Release|x64.Build.0 = Release|x64
		{E066B559-E7C0-4E2B-B91A-F4784EF47330}.Debug|x86.ActiveCfg = Debug|x86
		{E066B559-E7C0-4E2B-B91A-F4784EF47330}.Debug|x86.Build.0 = Debug|x86
		{E066B559-E7C0-4E2B-B91A-F4784EF47330}.Release|x86.ActiveCfg = Release|x86
		{E066B559-E7C0-4E2B-B91A-F4784EF47330}.Release|x86.Build.0 = Release|x86
		{E066B559-E7C0-4E2B-B91A-F4784EF47330}.Debug|ARM64.ActiveCfg = Debug|ARM64
		{E066B559-E7C0-4E2B-B91A-F4784EF47330}.Debug|ARM64.Build.0 = Debug|ARM64
		{E066B559-E7C0-4E2B-B91A-F4784EF47330}.Release|ARM64.ActiveCfg = Release|ARM64
		{E066B559-E7C0-4E2B-B91A-F4784EF47330}.Release|ARM64.Build.0 = Release|ARM64
		{480B5C3C-FA28-4DF4-851B-B17729C7A1CB}.Debug|x64.ActiveCfg = Debug|x64
		{480B5C3C-FA28-4DF4-851B-B17729C7A1CB}.Debug|x64.Build.0 = Debug|x64
		{480B5C3C-FA28-4DF4-851B-B17729C7A1CB}.Release|x64.ActiveCfg = Release|x64
		{480B5C3C-FA28-4DF4-851B-B17729C7A1CB}.Release|x64.Build.0 = Release|x64
		{480B5C3C-FA28-4DF4-851B-B17729C7A1CB}.Debug|x86.ActiveCfg = Debug|x86
		{480B5C3C-FA28-4DF4-851B-B17729C7A1CB}.Debug|x86.Build.0 = Debug|x86
		{480B5C3C-FA28-4DF4-851B-B17729C7A1CB}.Release|x86.ActiveCfg = Release|x86
		{480B5C3C-FA28-4DF4-851B-B17729C7A1CB}.Release|x86.Build.0 = Release|x86
		{480B5C3C-FA28-4DF4-851B-B17729C7A1CB}.Debug|ARM64.ActiveCfg = Debug|ARM64
		{480B5C3C-FA28-4DF4-851B-B17729C7A1CB}.Debug|ARM64.Build.0 = Debug|ARM64
		{480B5C3C-FA28-4DF4-851B-B17729C7A1CB}.Release|ARM64.ActiveCfg = Release|ARM64
		{480B5C3C-FA28-4DF4-851B-B17729C7A1CB}.Release|ARM64.Build.0 = Release|ARM64
		{5529707C-749C-4DB7-A390-26220F192FB5}.Debug|x64.ActiveCfg = Debug|x64
		{5529707C-749C-4DB7-A390-26220F192FB5}.Debug|x64.Build.0 = Debug|x64
		{5529707C-749C-4DB7-A390-26220F192FB5}.Release|x64.ActiveCfg = Release|x64
		{5529707C-749C-4DB7-A390-26220F192FB5}.Release|x64.Build.0 = Release|x64
		{5529707C-749C-4DB7-A390-26220F192FB5}.Debug|x86.ActiveCfg = Debug|x86
		{5529707C-749C-4DB7-A390-26220F192FB5}.Debug|x86.Build.0 = Debug|x86
		{5529707C-749C-4DB7-A390-26220F192FB5}.Release|x86.ActiveCfg = Release|x86
		{5529707C-749C-4DB7-A390-26220F192FB5}.Release|x86.Build.0 = Release|x86
		{5529707C-749C-4DB7-A390-26220F192FB5}.Debug|ARM64.ActiveCfg = Debug|ARM64
		{5529707C-749C-4DB7-A390-26220F192FB5}.Debug|ARM64.Build.0 = Debug|ARM64
		{5529707C-749C-4DB7-A390-26220F192FB5}.Release|ARM64.ActiveCfg = Release|ARM64
		{5529707C-749C-4DB7-A390-26220F192FB5}.Release|ARM64.Build.0 = Release|ARM64
		{6D1AEBF6-BC2A-4822-BC6A-095E2DEEFC25}.Debug|x64.ActiveCfg = Debug|x64
		{6D1AEBF6-BC2A-4822-BC6A-095E2DEEFC25}.Debug|x64.Build.0 = Debug|x64
		{6D1AEBF6-BC2A-4822-BC6A-095E2DEEFC25}.Release|x64.ActiveCfg = Release|x64
		{6D1AEBF6-BC2A-4822-BC6A-095E2DEEFC25}.Release|x64.Build.0 = Release|x64
		{6D1AEBF6-BC2A-4822-BC6A-095E2DEEFC25}.Debug|x86.ActiveCfg = Debug|x86
		{6D1AEBF6-BC2A-4822-BC6A-095E2DEEFC25}.Debug|x86.Build.0 = Debug|x86
		{6D1AEBF6-BC2A-4822-BC6A-095E2DEEFC25}.Release|x86.ActiveCfg = Release|x86
		{6D1AEBF6-BC2A-4822-BC6A-095E2DEEFC25}.Release|x86.Build.0 = Release|x86
		{6D1AEBF6-BC2A-4822-BC6A-095E2DEEFC25}.Debug|ARM64.ActiveCfg = Debug|ARM64
		{6D1AEBF6-BC2A-4822-BC6A-095E2DEEFC25}.Debug|ARM64.Build.0 = Debug|ARM64
		{6D1AEBF6-BC2A-4822-BC6A-095E2DEEFC25}.Release|ARM64.ActiveCfg = Release|ARM64
		{6D1AEBF6-BC2A-4822-BC6A-095E2DEEFC25}.Release|ARM64.Build.0 = Release|ARM64
		{FADFBFD1-CF16-43CB-8E04-02284E58AACC}.Debug|x64.ActiveCfg = Debug|x64
		{FADFBFD1-CF16-43CB-8E04-02284E58AACC}.Debug|x64.Build.0 = Debug|x64
		{FADFBFD1-CF16-43CB-8E04-02284E58AACC}.Release|x64.ActiveCfg = Release|x64
		{FADFBFD1-CF16-43CB-8E04-02284E58AACC}.Release|x64.Build.0 = Release|x64
		{FADFBFD1-CF16-43CB-8E04-02284E58AACC}.Debug|x86.ActiveCfg = Debug|x86
		{FADFBFD1-CF16-43CB-8E04-02284E58AACC}.Debug|x86.Build.0 = Debug|x86
		{FADFBFD1-CF16-43CB-8E04-02284E58AACC}.Release|x86.ActiveCfg = Release|x86
		{FADFBFD1-CF16-43CB-8E04-02284E58AACC}.Release|x86.Build.0 = Release|x86
		{FADFBFD1-CF16-43CB-8E04-02284E58AACC}.Debug|ARM64.ActiveCfg = Debug|ARM64
		{FADFBFD1-CF16-43CB-8E04-02284E58AACC}.Debug|ARM64.Build.0 = Debug|ARM64
		{FADFBFD1-CF16-43CB-8E04-02284E58AACC}.Release|ARM64.ActiveCfg = Release|ARM64
		{FADFBFD1-CF16-43CB-8E04-02284E58AACC}.Release|ARM64.Build.0 = Release|ARM64
		{54E32D80-2825-43BD-A6EF-F8BFF8CE9DEE}.Debug|x64.ActiveCfg = Debug|x64
		{54E32D80-2825-43BD-A6EF-F8BFF8CE9DEE}.Debug|x64.Build.0 = Debug|x64
		{54E32D80-2825-43BD-A6EF-F8BFF8CE9DEE}.Release|x64.ActiveCfg = Release|x64
		{54E32D80-2825-43BD-A6EF-F8BFF8CE9DEE}.Release|x64.Build.0 = Release|x64
		{54E32D80-2825-43BD-A6EF-F8BFF8CE9DEE}.Debug|x86.ActiveCfg = Debug|x86
		{54E32D80-2825-43BD-A6EF-F8BFF8CE9DEE}.Debug|x86.Build.0 = Debug|x86
		{54E32D80-2825-43BD-A6EF-F8BFF8CE9DEE}.Release|x86.ActiveCfg = Release|x86
		{54E32D80-2825-43BD-A6EF-F8BFF8CE9DEE}.Release|x86.Build.0 = Release|x86
		{54E32D80-2825-43BD-A6EF-F8BFF8CE9DEE}.Debug|ARM64.ActiveCfg = Debug|ARM64
		{54E32D80-2825-43BD-A6EF-F8BFF8CE9DEE}.Debug|ARM64.Build.0 = Debug|ARM64
		{54E32D80-2825-43BD-A6EF-F8BFF8CE9DEE}.Release|ARM64.ActiveCfg = Release|ARM64
		{54E32D80-2825-43BD-A6EF-F8BFF8CE9DEE}.Release|ARM64.Build.0 = Release|ARM64
		{4DD9A5AF-BBE5-4B20-B114-2B4A9F97F651}.Debug|x64.ActiveCfg = Debug|x64
		{4DD9A5AF-BBE5-4B20-B114-2B4A9F97F651}.Debug|x64.Build.0 = Debug|x64
		{4DD9A5AF-BBE5-4B20-B114-2B4A9F97F651}.Release|x64.ActiveCfg = Release|x64
		{4DD9A5AF-BBE5-4B20-B114-2B4A9F97F651}.Release|x64.Build.0 = Release|x64
		{4DD9A5AF-BBE5-4B20-B114-2B4A9F97F651}.Debug|x86.ActiveCfg = Debug|x86
		{4DD9A5AF-BBE5-4B20-B114-2B4A9F97F651}.Debug|x86.Build.0 = Debug|x86
		{4DD9A5AF-BBE5-4B20-B114-2B4A9F97F651}.Release|x86.ActiveCfg = Release|x86
		{4DD9A5AF-BBE5-4B20-B114-2B4A9F97F651}.Release|x86.Build.0 = Release|x86
		{4DD9A5AF-BBE5-4B20-B114-2B4A9F97F651}.Debug|ARM64.ActiveCfg = Debug|ARM64
		{4DD9A5AF-BBE5-4B20-B114-2B4A9F97F651}.Debug|ARM64.Build.0 = Debug|ARM64
		{4DD9A5AF-BBE5-4B20-B114-2B4A9F97F651}.Release|ARM64.ActiveCfg = Release|ARM64
		{4DD9A5AF-BBE5-4B20-B114-2B4A9F97F651}.Release|ARM64.Build.0 = Release|ARM64
		{17AA8035-78D6-41F2-A642-DEAD0F859037}.Debug|x64.ActiveCfg = Debug|x64
		{17AA8035-78D6-41F2-A642-DEAD0F859037}.Debug|x64.Build.0 = Debug|x64
		{17AA8035-78D6-41F2-A642-DEAD0F859037}.Release|x64.ActiveCfg = Release|x64
		{17AA8035-78D6-41F2-A642-DEAD0F859037}.Release|x64.Build.0 = Release|x64
		{17AA8035-78D6-41F2-A642-DEAD0F859037}.Debug|x86.ActiveCfg = Debug|x86
		{17AA8035-78D6-41F2-A642-DEAD0F859037}.Debug|x86.Build.0 = Debug|x86
		{17AA8035-78D6-41F2-A642-DEAD0F859037}.Release|x86.ActiveCfg = Release|x86
		{17AA8035-78D6-41F2-A642-DEAD0F859037}.Release|x86.Build.0 = Release|x86
		{17AA8035-78D6-41F2-A642-DEAD0F859037}.Debug|ARM64.ActiveCfg = Debug|ARM64
		{17AA8035-78D6-41F2-A642-DEAD0F859037}.Debug|ARM64.Build.0 = Debug|ARM64
		{17AA8035-78D6-41F2-A642-DEAD0F859037}.Release|ARM64.ActiveCfg = Release|ARM64
		{17AA8035-78D6-41F2-A642-DEAD0F859037}.Release|ARM64.Build.0 = Release|ARM64
		{8D9A01F3-C32B-4FEC-BA51-0AEEA7F16825}.Debug|x64.ActiveCfg = Debug|x64
		{8D9A01F3-C32B-4FEC-BA51-0AEEA7F16825}.Debug|x64.Build.0 = Debug|x64
		{8D9A01F3-C32B-4FEC-BA51-0AEEA7F16825}.Release|x64.ActiveCfg = Release|x64
		{8D9A01F3-C32B-4FEC-BA51-0AEEA7F16825}.Release|x64.Build.0 = Release|x64
		{8D9A01F3-C32B-4FEC-BA51-0AEEA7F16825}.Debug|x86.ActiveCfg = Debug|x86
		{8D9A01F3-C32B-4FEC-BA51-0AEEA7F16825}.Debug|x86.Build.0 = Debug|x86
		{8D9A01F3-C32B-4FEC-BA51-0AEEA7F16825}.Release|x86.ActiveCfg = Release|x86
		{8D9A01F3-C32B-4FEC-BA51-0AEEA7F16825}.Release|x86.Build.0 = Release|x86
		{8D9A01F3-C32B-4FEC-BA51-0AEEA7F16825}.Debug|ARM64.ActiveCfg = Debug|ARM64
		{8D9A01F3-C32B-4FEC-BA51-0AEEA7F16825}.Debug|ARM64.Build.0 = Debug|ARM64
		{8D9A01F3-C32B-4FEC-BA51-0AEEA7F16825}.Release|ARM64.ActiveCfg = Release|ARM64
		{8D9A01F3-C32B-4FEC-BA51-0AEEA7F16825}.Release|ARM64.Build.0 = Release|ARM64
		{C91597FE-45D3-494B-8BC8-32ABE04B8E16}.Debug|x64.ActiveCfg = Debug|x64
		{C91597FE-45D3-494B-8BC8-32ABE04B8E16}.Debug|x64.Build.0 = Debug|x64
		{C91597FE-45D3-494B-8BC8-32ABE04B8E16}.Release|x64.ActiveCfg = Release|x64
		{C91597FE-45D3-494B-8BC8-32ABE04B8E16}.Release|x64.Build.0 = Release|x64
		{C91597FE-45D3-494B-8BC8-32ABE04B8E16}.Debug|x86.ActiveCfg = Debug|x86
		{C91597FE-45D3-494B-8BC8-32ABE04B8E16}.Debug|x86.Build.0 = Debug|x86
		{C91597FE-45D3-494B-8BC8-32ABE04B8E16}.Release|x86.ActiveCfg = Release|x86
		{C91597FE-45D3-494B-8BC8-32ABE04B8E16}.Release|x86.Build.0 = Release|x86
		{C91597FE-45D3-494B-8BC8-32ABE04B8E16}.Debug|ARM64.ActiveCfg = Debug|ARM64
		{C91597FE-45D3-494B-8BC8-32ABE04B8E16}.Debug|ARM64.Build.0 = Debug|ARM64
		{C91597FE-45D3-494B-8BC8-32ABE04B8E16}.Release|ARM64.ActiveCfg = Release|ARM64
		{C91597FE-45D3-494B-8BC8-32ABE04B8E16}.Release|ARM64.Build.0 = Release|ARM64
		{2EB48513-83ED-40D8-B3AD-9C65F13D7B36}.Debug|x64.ActiveCfg = Debug|x64
		{2EB48513-83ED-40D8-B3AD-9C65F13D7B36}.Debug|x64.Build.0 = Debug|x64
		{2EB48513-83ED-40D8-B3AD-9C65F13D7B36}.Release|x64.ActiveCfg = Release|x64
		{2EB48513-83ED-40D8-B3AD-9C65F13D7B36}.Release|x64.Build.0 = Release|x64
		{2EB48513-83ED-40D8-B3AD-9C65F13D7B36}.Debug|x86.ActiveCfg = Debug|x86
		{2EB48513-83ED-40D8-B3AD-9C65F13D7B36}.Debug|x86.Build.0 = Debug|x86
		{2EB48513-83ED-40D8-B3AD-9C65F13D7B36}.Release|x86.ActiveCfg = Release|x86
		{2EB48513-83ED-40D8-B3AD-9C65F13D7B36}.Release|x86.Build.0 = Release|x86
		{2EB48513-83ED-40D8-B3AD-9C65F13D7B36}.Debug|ARM64.ActiveCfg = Debug|ARM64
		{2EB48513-83ED-40D8-B3AD-9C65F13D7B36}.Debug|ARM64.Build.0 = Debug|ARM64
		{2EB48513-83ED-40D8-B3AD-9C65F13D7B36}.Release|ARM64.ActiveCfg = Release|ARM64
		{2EB48513-83ED-40D8-B3AD-9C65F13D7B36}.Release|ARM64.Build.0 = Release|ARM64
		{5B3EB242-9B75-41D1-A654-2EAC7F1FD24D}.Debug|x64.ActiveCfg = Debug|x64
		{5B3EB242-9B75-41D1-A654-2EAC7F1FD24D}.Debug|x64.Build.0 = Debug|x64
		{5B3EB242-9B75-41D1-A654-2EAC7F1FD24D}.Release|x64.ActiveCfg = Release|x64
		{5B3EB242-9B75-41D1-A654-2EAC7F1FD24D}.Release|x64.Build.0 = Release|x64
		{5B3EB242-9B75-41D1-A654-2EAC7F1FD24D}.Debug|x86.ActiveCfg = Debug|x86
		{5B3EB242-9B75-41D1-A654-2EAC7F1FD24D}.Debug|x86.Build.0 = Debug|x86
		{5B3EB242-9B75-41D1-A654-2EAC7F1FD24D}.Release|x86.ActiveCfg = Release|x86
		{5B3EB242-9B75-41D1-A654-2EAC7F1FD24D}.Release|x86.Build.0 = Release|x86
		{5B3EB242-9B75-41D1-A654-2EAC7F1FD24D}.Debug|ARM64.ActiveCfg = Debug|ARM64
		{5B3EB242-9B75-41D1-A654-2EAC7F1FD24D}.Debug|ARM64.Build.0 = Debug|ARM64
		{5B3EB242-9B75-41D1-A654-2EAC7F1FD24D}.Release|ARM64.ActiveCfg = Release|ARM64
		{5B3EB242-9B75-41D1-A654-2EAC7F1FD24D}.Release|ARM64.Build.0 = Release|ARM64
		{48B84E83-58E0-4F3F-ABBB-98471B3A2931}.Debug|ARM64.ActiveCfg = Debug|ARM64
		{48B84E83-58E0-4F3F-ABBB-98471B3A2931}.Debug|ARM64.Build.0 = Debug|ARM64
		{48B84E83-58E0-4F3F-ABBB-98471B3A2931}.Debug|x64.ActiveCfg = Debug|x64
		{48B84E83-58E0-4F3F-ABBB-98471B3A2931}.Debug|x64.Build.0 = Debug|x64
		{48B84E83-58E0-4F3F-ABBB-98471B3A2931}.Debug|x86.ActiveCfg = Debug|x86
		{48B84E83-58E0-4F3F-ABBB-98471B3A2931}.Debug|x86.Build.0 = Debug|x86
		{48B84E83-58E0-4F3F-ABBB-98471B3A2931}.Release|ARM64.ActiveCfg = Release|ARM64
		{48B84E83-58E0-4F3F-ABBB-98471B3A2931}.Release|ARM64.Build.0 = Release|ARM64
		{48B84E83-58E0-4F3F-ABBB-98471B3A2931}.Release|x64.ActiveCfg = Release|x64
		{48B84E83-58E0-4F3F-ABBB-98471B3A2931}.Release|x64.Build.0 = Release|x64
		{48B84E83-58E0-4F3F-ABBB-98471B3A2931}.Release|x86.ActiveCfg = Release|x86
		{48B84E83-58E0-4F3F-ABBB-98471B3A2931}.Release|x86.Build.0 = Release|x86
		{423B71A1-1123-4C18-A1A9-AA2B2875414C}.Debug|ARM64.ActiveCfg = Debug|ARM64
		{423B71A1-1123-4C18-A1A9-AA2B2875414C}.Debug|ARM64.Build.0 = Debug|ARM64
		{423B71A1-1123-4C18-A1A9-AA2B2875414C}.Debug|x64.ActiveCfg = Debug|x64
		{423B71A1-1123-4C18-A1A9-AA2B2875414C}.Debug|x64.Build.0 = Debug|x64
		{423B71A1-1123-4C18-A1A9-AA2B2875414C}.Debug|x86.ActiveCfg = Debug|x86
		{423B71A1-1123-4C18-A1A9-AA2B2875414C}.Debug|x86.Build.0 = Debug|x86
		{423B71A1-1123-4C18-A1A9-AA2B2875414C}.Release|ARM64.ActiveCfg = Release|ARM64
		{423B71A1-1123-4C18-A1A9-AA2B2875414C}.Release|ARM64.Build.0 = Release|ARM64
		{423B71A1-1123-4C18-A1A9-AA2B2875414C}.Release|x64.ActiveCfg = Release|x64
		{423B71A1-1123-4C18-A1A9-AA2B2875414C}.Release|x64.Build.0 = Release|x64
		{423B71A1-1123-4C18-A1A9-AA2B2875414C}.Release|x86.ActiveCfg = Release|x86
		{423B71A1-1123-4C18-A1A9-AA2B2875414C}.Release|x86.Build.0 = Release|x86
		{084A48E8-8335-4674-BC89-9EECEC5AB74A}.Debug|x64.ActiveCfg = Debug|Any CPU
		{084A48E8-8335-4674-BC89-9EECEC5AB74A}.Debug|x64.Build.0 = Debug|Any CPU
		{084A48E8-8335-4674-BC89-9EECEC5AB74A}.Debug|x86.ActiveCfg = Debug|Any CPU
		{084A48E8-8335-4674-BC89-9EECEC5AB74A}.Debug|x86.Build.0 = Debug|Any CPU
		{084A48E8-8335-4674-BC89-9EECEC5AB74A}.Debug|ARM64.ActiveCfg = Debug|Any CPU
		{084A48E8-8335-4674-BC89-9EECEC5AB74A}.Debug|ARM64.Build.0 = Debug|Any CPU
		{084A48E8-8335-4674-BC89-9EECEC5AB74A}.Release|x64.ActiveCfg = Release|Any CPU
		{084A48E8-8335-4674-BC89-9EECEC5AB74A}.Release|x64.Build.0 = Release|Any CPU
		{084A48E8-8335-4674-BC89-9EECEC5AB74A}.Release|x86.ActiveCfg = Release|Any CPU
		{084A48E8-8335-4674-BC89-9EECEC5AB74A}.Release|x86.Build.0 = Release|Any CPU
		{084A48E8-8335-4674-BC89-9EECEC5AB74A}.Release|ARM64.ActiveCfg = Release|Any CPU
		{084A48E8-8335-4674-BC89-9EECEC5AB74A}.Release|ARM64.Build.0 = Release|Any CPU
		{EABBB3C0-AC5C-4181-A672-68AE2FEB2E4D}.Debug|x64.ActiveCfg = Debug|Any CPU
		{EABBB3C0-AC5C-4181-A672-68AE2FEB2E4D}.Debug|x64.Build.0 = Debug|Any CPU
		{EABBB3C0-AC5C-4181-A672-68AE2FEB2E4D}.Debug|x86.ActiveCfg = Debug|Any CPU
		{EABBB3C0-AC5C-4181-A672-68AE2FEB2E4D}.Debug|x86.Build.0 = Debug|Any CPU
		{EABBB3C0-AC5C-4181-A672-68AE2FEB2E4D}.Debug|ARM64.ActiveCfg = Debug|Any CPU
		{EABBB3C0-AC5C-4181-A672-68AE2FEB2E4D}.Debug|ARM64.Build.0 = Debug|Any CPU
		{EABBB3C0-AC5C-4181-A672-68AE2FEB2E4D}.Release|x64.ActiveCfg = Release|Any CPU
		{EABBB3C0-AC5C-4181-A672-68AE2FEB2E4D}.Release|x64.Build.0 = Release|Any CPU
		{EABBB3C0-AC5C-4181-A672-68AE2FEB2E4D}.Release|x86.ActiveCfg = Release|Any CPU
		{EABBB3C0-AC5C-4181-A672-68AE2FEB2E4D}.Release|x86.Build.0 = Release|Any CPU
		{EABBB3C0-AC5C-4181-A672-68AE2FEB2E4D}.Release|ARM64.ActiveCfg = Release|Any CPU
		{EABBB3C0-AC5C-4181-A672-68AE2FEB2E4D}.Release|ARM64.Build.0 = Release|Any CPU
	EndGlobalSection
	GlobalSection(SolutionProperties) = preSolution
		HideSolutionNode = FALSE
	EndGlobalSection
	GlobalSection(NestedProjects) = preSolution
		{152CF521-3111-4144-BD7C-FC7FB37C9F0D} = {5D7ECD00-02F7-467C-B308-A8F1FF7A7341}
		{DFFFD210-FA2C-4573-8BC4-DC5F14FCA3FB} = {5D7ECD00-02F7-467C-B308-A8F1FF7A7341}
		{90DD40EF-F3D3-4968-B914-3BF1AC4CFDB5} = {0D554058-5B9C-43B7-B23D-5818B46E8FC9}
		{AA535351-3EDC-40AB-89B6-B93CAB93662C} = {0D554058-5B9C-43B7-B23D-5818B46E8FC9}
		{51D459E9-071A-4A39-90EE-3BD024F890A7} = {5D7ECD00-02F7-467C-B308-A8F1FF7A7341}
		{EC8FA1B1-EA4C-45A3-ABEB-3E0EBBC0898B} = {C9BEFED7-0144-49F9-8B29-FC2B736E2AE9}
		{033B6332-8ED0-4299-9180-8D506FB34B31} = {EC8FA1B1-EA4C-45A3-ABEB-3E0EBBC0898B}
		{08500C4C-9056-4B92-91D4-D86579A08537} = {EC8FA1B1-EA4C-45A3-ABEB-3E0EBBC0898B}
		{D130B96C-9921-4544-8651-5CAC4A5AE705} = {EC8FA1B1-EA4C-45A3-ABEB-3E0EBBC0898B}
		{C5BDD69B-A3C5-493D-BF31-19193837C5FD} = {EC8FA1B1-EA4C-45A3-ABEB-3E0EBBC0898B}
		{26219AC6-E8E9-4F30-AF2F-D3F9890F8EE8} = {152CF521-3111-4144-BD7C-FC7FB37C9F0D}
		{54F7DEDD-A000-44A8-80F9-B35F784243F9} = {152CF521-3111-4144-BD7C-FC7FB37C9F0D}
		{17D6DA3D-6D1D-464D-BC6F-FB55C5BE7A5D} = {152CF521-3111-4144-BD7C-FC7FB37C9F0D}
		{8CED9F50-A279-4F23-8328-019980E31B55} = {152CF521-3111-4144-BD7C-FC7FB37C9F0D}
		{16DA7079-8B09-4CFD-AF54-05A3BC064779} = {51D459E9-071A-4A39-90EE-3BD024F890A7}
		{E224FD4F-7E68-4526-BFEA-EB584E787D5F} = {51D459E9-071A-4A39-90EE-3BD024F890A7}
		{A6A6D278-7C9F-4320-8ED7-9A44E6E09195} = {51D459E9-071A-4A39-90EE-3BD024F890A7}
		{3520E15B-1BC7-4807-A4C1-6E9AA34D61D3} = {DFFFD210-FA2C-4573-8BC4-DC5F14FCA3FB}
		{E066B559-E7C0-4E2B-B91A-F4784EF47330} = {DFFFD210-FA2C-4573-8BC4-DC5F14FCA3FB}
		{480B5C3C-FA28-4DF4-851B-B17729C7A1CB} = {DFFFD210-FA2C-4573-8BC4-DC5F14FCA3FB}
		{5529707C-749C-4DB7-A390-26220F192FB5} = {DFFFD210-FA2C-4573-8BC4-DC5F14FCA3FB}
		{6D1AEBF6-BC2A-4822-BC6A-095E2DEEFC25} = {AA535351-3EDC-40AB-89B6-B93CAB93662C}
		{FADFBFD1-CF16-43CB-8E04-02284E58AACC} = {AA535351-3EDC-40AB-89B6-B93CAB93662C}
		{54E32D80-2825-43BD-A6EF-F8BFF8CE9DEE} = {AA535351-3EDC-40AB-89B6-B93CAB93662C}
		{4DD9A5AF-BBE5-4B20-B114-2B4A9F97F651} = {AA535351-3EDC-40AB-89B6-B93CAB93662C}
		{17AA8035-78D6-41F2-A642-DEAD0F859037} = {90DD40EF-F3D3-4968-B914-3BF1AC4CFDB5}
		{8D9A01F3-C32B-4FEC-BA51-0AEEA7F16825} = {90DD40EF-F3D3-4968-B914-3BF1AC4CFDB5}
		{C91597FE-45D3-494B-8BC8-32ABE04B8E16} = {90DD40EF-F3D3-4968-B914-3BF1AC4CFDB5}
		{2EB48513-83ED-40D8-B3AD-9C65F13D7B36} = {90DD40EF-F3D3-4968-B914-3BF1AC4CFDB5}
		{1C078B0B-7D05-41A5-B92A-6B096EBD12B9} = {8040226E-AF16-4FC2-935C-50AFEC388C42}
		{5B3EB242-9B75-41D1-A654-2EAC7F1FD24D} = {1C078B0B-7D05-41A5-B92A-6B096EBD12B9}
		{48B84E83-58E0-4F3F-ABBB-98471B3A2931} = {1C078B0B-7D05-41A5-B92A-6B096EBD12B9}
		{423B71A1-1123-4C18-A1A9-AA2B2875414C} = {1C078B0B-7D05-41A5-B92A-6B096EBD12B9}
		{3C7DAFAB-22FA-47F2-9CA3-06DC8904D88A} = {152CF521-3111-4144-BD7C-FC7FB37C9F0D}
		{6FE61B37-61B3-4C76-A0A2-66192D5C2FEF} = {3C7DAFAB-22FA-47F2-9CA3-06DC8904D88A}
		{084A48E8-8335-4674-BC89-9EECEC5AB74A} = {6FE61B37-61B3-4C76-A0A2-66192D5C2FEF}
		{EABBB3C0-AC5C-4181-A672-68AE2FEB2E4D} = {6FE61B37-61B3-4C76-A0A2-66192D5C2FEF}
		{93D02DAE-90D2-4F54-9395-87B342F28C19} = {3C7DAFAB-22FA-47F2-9CA3-06DC8904D88A}
		{7043F897-683D-4778-A74E-33C2B135931E} = {3C7DAFAB-22FA-47F2-9CA3-06DC8904D88A}
	EndGlobalSection
	GlobalSection(ExtensibilityGlobals) = postSolution
		SolutionGuid = {5140EC98-289B-4148-B559-C500235CFC6B}
	EndGlobalSection
EndGlobal
