
Microsoft Visual Studio Solution File, Format Version 12.00
# Visual Studio Version 16
VisualStudioVersion = 16.0.30717.126
MinimumVisualStudioVersion = 10.0.40219.1
Project("{2150E333-8FDC-42A3-9474-1A3956D46DE8}") = "3_Adaptation", "3_Adaptation", "{0D554058-5B9C-43B7-B23D-5818B46E8FC9}"
EndProject
Project("{2150E333-8FDC-42A3-9474-1A3956D46DE8}") = "1_Presentation", "1_Presentation", "{C9BEFED7-0144-49F9-8B29-FC2B736E2AE9}"
EndProject
Project("{2150E333-8FDC-42A3-9474-1A3956D46DE8}") = "4_Domain", "4_Domain", "{5D7ECD00-02F7-467C-B308-A8F1FF7A7341}"
EndProject
Project("{2150E333-8FDC-42A3-9474-1A3956D46DE8}") = "Core", "Core", "{152CF521-3111-4144-BD7C-FC7FB37C9F0D}"
EndProject
Project("{2150E333-8FDC-42A3-9474-1A3956D46DE8}") = "Tools", "Tools", "{DFFFD210-FA2C-4573-8BC4-DC5F14FCA3FB}"
EndProject
Project("{2150E333-8FDC-42A3-9474-1A3956D46DE8}") = "SFML", "SFML", "{90DD40EF-F3D3-4968-B914-3BF1AC4CFDB5}"
EndProject
Project("{2150E333-8FDC-42A3-9474-1A3956D46DE8}") = "OpenGL", "OpenGL", "{AA535351-3EDC-40AB-89B6-B93CAB93662C}"
EndProject
Project("{2150E333-8FDC-42A3-9474-1A3956D46DE8}") = "Fluent", "Fluent", "{51D459E9-071A-4A39-90EE-3BD024F890A7}"
EndProject
Project("{2150E333-8FDC-42A3-9474-1A3956D46DE8}") = "Editor", "Editor", "{EC8FA1B1-EA4C-45A3-ABEB-3E0EBBC0898B}"
EndProject
Project("{9A19103F-16F7-4668-BE54-9A1E7A4F7556}") = "Alis.Editor", "1_presentation\editor\alis.editor\Alis.Editor.csproj", "{033B6332-8ED0-4299-9180-8D506FB34B31}"
EndProject
Project("{9A19103F-16F7-4668-BE54-9A1E7A4F7556}") = "Alis.Editor.Benchmark", "1_presentation\editor\alis.editor.benchmark\Alis.Editor.Benchmark.csproj", "{08500C4C-9056-4B92-91D4-D86579A08537}"
EndProject
Project("{9A19103F-16F7-4668-BE54-9A1E7A4F7556}") = "Alis.Editor.Example", "1_presentation\editor\alis.editor.example\Alis.Editor.Example.csproj", "{D130B96C-9921-4544-8651-5CAC4A5AE705}"
EndProject
Project("{9A19103F-16F7-4668-BE54-9A1E7A4F7556}") = "Alis.Editor.Test", "1_presentation\editor\alis.editor.test\Alis.Editor.Test.csproj", "{C5BDD69B-A3C5-493D-BF31-19193837C5FD}"
EndProject
Project("{2150E333-8FDC-42A3-9474-1A3956D46DE8}") = "2_Application", "2_Application", "{8040226E-AF16-4FC2-935C-50AFEC388C42}"
EndProject
Project("{FAE04EC0-301F-11D3-BF4B-00C04F79EFBC}") = "Alis.Core", "4_domain\core\alis.core\Alis.Core.csproj", "{26219AC6-E8E9-4F30-AF2F-D3F9890F8EE8}"
EndProject
Project("{FAE04EC0-301F-11D3-BF4B-00C04F79EFBC}") = "Alis.Core.Benchmark", "4_domain\core\alis.core.benchmark\Alis.Core.Benchmark.csproj", "{54F7DEDD-A000-44A8-80F9-B35F784243F9}"
EndProject
Project("{FAE04EC0-301F-11D3-BF4B-00C04F79EFBC}") = "Alis.Core.Example", "4_domain\core\alis.core.example\Alis.Core.Example.csproj", "{17D6DA3D-6D1D-464D-BC6F-FB55C5BE7A5D}"
EndProject
Project("{FAE04EC0-301F-11D3-BF4B-00C04F79EFBC}") = "Alis.Core.Test", "4_domain\core\alis.core.test\Alis.Core.Test.csproj", "{8CED9F50-A279-4F23-8328-019980E31B55}"
EndProject
Project("{FAE04EC0-301F-11D3-BF4B-00C04F79EFBC}") = "Alis.FluentApi", "4_domain\fluent\alis.fluentapi\Alis.FluentApi.csproj", "{16DA7079-8B09-4CFD-AF54-05A3BC064779}"
EndProject
Project("{FAE04EC0-301F-11D3-BF4B-00C04F79EFBC}") = "Alis.FluentApi.Example", "4_domain\fluent\alis.fluentapi.example\Alis.FluentApi.Example.csproj", "{E224FD4F-7E68-4526-BFEA-EB584E787D5F}"
EndProject
Project("{FAE04EC0-301F-11D3-BF4B-00C04F79EFBC}") = "Alis.FluentApi.Test", "4_domain\fluent\alis.fluentapi.test\Alis.FluentApi.Test.csproj", "{A6A6D278-7C9F-4320-8ED7-9A44E6E09195}"
EndProject
Project("{FAE04EC0-301F-11D3-BF4B-00C04F79EFBC}") = "Alis.Tools", "4_domain\tools\alis.tools\Alis.Tools.csproj", "{3520E15B-1BC7-4807-A4C1-6E9AA34D61D3}"
EndProject
Project("{FAE04EC0-301F-11D3-BF4B-00C04F79EFBC}") = "Alis.Tools.Benchmark", "4_domain\tools\alis.tools.benchmark\Alis.Tools.Benchmark.csproj", "{E066B559-E7C0-4E2B-B91A-F4784EF47330}"
EndProject
Project("{FAE04EC0-301F-11D3-BF4B-00C04F79EFBC}") = "Alis.Tools.Example", "4_domain\tools\alis.tools.examples\Alis.Tools.Example.csproj", "{480B5C3C-FA28-4DF4-851B-B17729C7A1CB}"
EndProject
Project("{FAE04EC0-301F-11D3-BF4B-00C04F79EFBC}") = "Alis.Tools.Test", "4_domain\tools\alis.tools.test\Alis.Tools.Test.csproj", "{5529707C-749C-4DB7-A390-26220F192FB5}"
EndProject
Project("{FAE04EC0-301F-11D3-BF4B-00C04F79EFBC}") = "Alis.Core.OpenGL", "3_adaptation\opengl\alis.core.opengl\Alis.Core.OpenGL.csproj", "{6D1AEBF6-BC2A-4822-BC6A-095E2DEEFC25}"
EndProject
Project("{FAE04EC0-301F-11D3-BF4B-00C04F79EFBC}") = "Alis.Core.OpenGL.Benchmark", "3_adaptation\opengl\alis.core.opengl.benchmark\Alis.Core.OpenGL.Benchmark.csproj", "{FADFBFD1-CF16-43CB-8E04-02284E58AACC}"
EndProject
Project("{FAE04EC0-301F-11D3-BF4B-00C04F79EFBC}") = "Alis.Core.OpenGL.Example", "3_adaptation\opengl\alis.core.opengl.example\Alis.Core.OpenGL.Example.csproj", "{54E32D80-2825-43BD-A6EF-F8BFF8CE9DEE}"
EndProject
Project("{FAE04EC0-301F-11D3-BF4B-00C04F79EFBC}") = "Alis.Core.OpenGL.Test", "3_adaptation\opengl\alis.core.opengl.test\Alis.Core.OpenGL.Test.csproj", "{4DD9A5AF-BBE5-4B20-B114-2B4A9F97F651}"
EndProject
Project("{FAE04EC0-301F-11D3-BF4B-00C04F79EFBC}") = "Alis.Core.Sfml", "3_adaptation\sfml\alis.core.sfml\Alis.Core.Sfml.csproj", "{17AA8035-78D6-41F2-A642-DEAD0F859037}"
EndProject
Project("{FAE04EC0-301F-11D3-BF4B-00C04F79EFBC}") = "Alis.Core.SFML.Benchmark", "3_adaptation\sfml\alis.core.sfml.benchmark\Alis.Core.SFML.Benchmark.csproj", "{8D9A01F3-C32B-4FEC-BA51-0AEEA7F16825}"
EndProject
Project("{FAE04EC0-301F-11D3-BF4B-00C04F79EFBC}") = "Alis.Core.SFML.Example", "3_adaptation\sfml\alis.core.sfml.example\Alis.Core.SFML.Example.csproj", "{C91597FE-45D3-494B-8BC8-32ABE04B8E16}"
EndProject
Project("{FAE04EC0-301F-11D3-BF4B-00C04F79EFBC}") = "Alis.Core.SFML.Test", "3_adaptation\sfml\alis.core.sfml.test\Alis.Core.SFML.Test.csproj", "{2EB48513-83ED-40D8-B3AD-9C65F13D7B36}"
EndProject
Project("{2150E333-8FDC-42A3-9474-1A3956D46DE8}") = "Alis", "Alis", "{1C078B0B-7D05-41A5-B92A-6B096EBD12B9}"
EndProject
Project("{FAE04EC0-301F-11D3-BF4B-00C04F79EFBC}") = "Alis", "2_application\alis\Alis.csproj", "{5B3EB242-9B75-41D1-A654-2EAC7F1FD24D}"
EndProject
Global
	GlobalSection(SolutionConfigurationPlatforms) = preSolution
		Debug|Any CPU = Debug|Any CPU
		Debug|x64 = Debug|x64
		Linux|Any CPU = Linux|Any CPU
		Linux|x64 = Linux|x64
		MacOS|Any CPU = MacOS|Any CPU
		MacOS|x64 = MacOS|x64
		Release|Any CPU = Release|Any CPU
		Release|x64 = Release|x64
		Windows|Any CPU = Windows|Any CPU
		Windows|x64 = Windows|x64
	EndGlobalSection
	GlobalSection(ProjectConfigurationPlatforms) = postSolution
		{033B6332-8ED0-4299-9180-8D506FB34B31}.Debug|Any CPU.ActiveCfg = Debug|Any CPU
		{033B6332-8ED0-4299-9180-8D506FB34B31}.Debug|Any CPU.Build.0 = Debug|Any CPU
		{033B6332-8ED0-4299-9180-8D506FB34B31}.Debug|x64.ActiveCfg = Debug|x64
		{033B6332-8ED0-4299-9180-8D506FB34B31}.Debug|x64.Build.0 = Debug|x64
		{033B6332-8ED0-4299-9180-8D506FB34B31}.Linux|Any CPU.ActiveCfg = Linux|Any CPU
		{033B6332-8ED0-4299-9180-8D506FB34B31}.Linux|Any CPU.Build.0 = Linux|Any CPU
		{033B6332-8ED0-4299-9180-8D506FB34B31}.Linux|x64.ActiveCfg = Linux|x64
		{033B6332-8ED0-4299-9180-8D506FB34B31}.Linux|x64.Build.0 = Linux|x64
		{033B6332-8ED0-4299-9180-8D506FB34B31}.MacOS|Any CPU.ActiveCfg = MacOS|Any CPU
		{033B6332-8ED0-4299-9180-8D506FB34B31}.MacOS|Any CPU.Build.0 = MacOS|Any CPU
		{033B6332-8ED0-4299-9180-8D506FB34B31}.MacOS|x64.ActiveCfg = MacOS|x64
		{033B6332-8ED0-4299-9180-8D506FB34B31}.MacOS|x64.Build.0 = MacOS|x64
		{033B6332-8ED0-4299-9180-8D506FB34B31}.Release|Any CPU.ActiveCfg = Release|Any CPU
		{033B6332-8ED0-4299-9180-8D506FB34B31}.Release|Any CPU.Build.0 = Release|Any CPU
		{033B6332-8ED0-4299-9180-8D506FB34B31}.Release|x64.ActiveCfg = Release|x64
		{033B6332-8ED0-4299-9180-8D506FB34B31}.Release|x64.Build.0 = Release|x64
		{033B6332-8ED0-4299-9180-8D506FB34B31}.Windows|Any CPU.ActiveCfg = Windows|Any CPU
		{033B6332-8ED0-4299-9180-8D506FB34B31}.Windows|Any CPU.Build.0 = Windows|Any CPU
		{033B6332-8ED0-4299-9180-8D506FB34B31}.Windows|x64.ActiveCfg = Windows|x64
		{033B6332-8ED0-4299-9180-8D506FB34B31}.Windows|x64.Build.0 = Windows|x64
		{08500C4C-9056-4B92-91D4-D86579A08537}.Debug|Any CPU.ActiveCfg = Debug|Any CPU
		{08500C4C-9056-4B92-91D4-D86579A08537}.Debug|Any CPU.Build.0 = Debug|Any CPU
		{08500C4C-9056-4B92-91D4-D86579A08537}.Debug|x64.ActiveCfg = Debug|x64
		{08500C4C-9056-4B92-91D4-D86579A08537}.Debug|x64.Build.0 = Debug|x64
		{08500C4C-9056-4B92-91D4-D86579A08537}.Linux|Any CPU.ActiveCfg = Debug|Any CPU
		{08500C4C-9056-4B92-91D4-D86579A08537}.Linux|Any CPU.Build.0 = Debug|Any CPU
		{08500C4C-9056-4B92-91D4-D86579A08537}.Linux|x64.ActiveCfg = Debug|x64
		{08500C4C-9056-4B92-91D4-D86579A08537}.Linux|x64.Build.0 = Debug|x64
		{08500C4C-9056-4B92-91D4-D86579A08537}.MacOS|Any CPU.ActiveCfg = Debug|Any CPU
		{08500C4C-9056-4B92-91D4-D86579A08537}.MacOS|Any CPU.Build.0 = Debug|Any CPU
		{08500C4C-9056-4B92-91D4-D86579A08537}.MacOS|x64.ActiveCfg = Debug|x64
		{08500C4C-9056-4B92-91D4-D86579A08537}.MacOS|x64.Build.0 = Debug|x64
		{08500C4C-9056-4B92-91D4-D86579A08537}.Release|Any CPU.ActiveCfg = Release|Any CPU
		{08500C4C-9056-4B92-91D4-D86579A08537}.Release|Any CPU.Build.0 = Release|Any CPU
		{08500C4C-9056-4B92-91D4-D86579A08537}.Release|x64.ActiveCfg = Release|x64
		{08500C4C-9056-4B92-91D4-D86579A08537}.Release|x64.Build.0 = Release|x64
		{08500C4C-9056-4B92-91D4-D86579A08537}.Windows|Any CPU.ActiveCfg = Debug|Any CPU
		{08500C4C-9056-4B92-91D4-D86579A08537}.Windows|Any CPU.Build.0 = Debug|Any CPU
		{08500C4C-9056-4B92-91D4-D86579A08537}.Windows|x64.ActiveCfg = Debug|x64
		{08500C4C-9056-4B92-91D4-D86579A08537}.Windows|x64.Build.0 = Debug|x64
		{D130B96C-9921-4544-8651-5CAC4A5AE705}.Debug|Any CPU.ActiveCfg = Debug|Any CPU
		{D130B96C-9921-4544-8651-5CAC4A5AE705}.Debug|Any CPU.Build.0 = Debug|Any CPU
		{D130B96C-9921-4544-8651-5CAC4A5AE705}.Debug|x64.ActiveCfg = Debug|x64
		{D130B96C-9921-4544-8651-5CAC4A5AE705}.Debug|x64.Build.0 = Debug|x64
		{D130B96C-9921-4544-8651-5CAC4A5AE705}.Linux|Any CPU.ActiveCfg = Debug|Any CPU
		{D130B96C-9921-4544-8651-5CAC4A5AE705}.Linux|Any CPU.Build.0 = Debug|Any CPU
		{D130B96C-9921-4544-8651-5CAC4A5AE705}.Linux|x64.ActiveCfg = Debug|x64
		{D130B96C-9921-4544-8651-5CAC4A5AE705}.Linux|x64.Build.0 = Debug|x64
		{D130B96C-9921-4544-8651-5CAC4A5AE705}.MacOS|Any CPU.ActiveCfg = Debug|Any CPU
		{D130B96C-9921-4544-8651-5CAC4A5AE705}.MacOS|Any CPU.Build.0 = Debug|Any CPU
		{D130B96C-9921-4544-8651-5CAC4A5AE705}.MacOS|x64.ActiveCfg = Debug|x64
		{D130B96C-9921-4544-8651-5CAC4A5AE705}.MacOS|x64.Build.0 = Debug|x64
		{D130B96C-9921-4544-8651-5CAC4A5AE705}.Release|Any CPU.ActiveCfg = Release|Any CPU
		{D130B96C-9921-4544-8651-5CAC4A5AE705}.Release|Any CPU.Build.0 = Release|Any CPU
		{D130B96C-9921-4544-8651-5CAC4A5AE705}.Release|x64.ActiveCfg = Release|x64
		{D130B96C-9921-4544-8651-5CAC4A5AE705}.Release|x64.Build.0 = Release|x64
		{D130B96C-9921-4544-8651-5CAC4A5AE705}.Windows|Any CPU.ActiveCfg = Debug|Any CPU
		{D130B96C-9921-4544-8651-5CAC4A5AE705}.Windows|Any CPU.Build.0 = Debug|Any CPU
		{D130B96C-9921-4544-8651-5CAC4A5AE705}.Windows|x64.ActiveCfg = Debug|x64
		{D130B96C-9921-4544-8651-5CAC4A5AE705}.Windows|x64.Build.0 = Debug|x64
		{C5BDD69B-A3C5-493D-BF31-19193837C5FD}.Debug|Any CPU.ActiveCfg = Debug|Any CPU
		{C5BDD69B-A3C5-493D-BF31-19193837C5FD}.Debug|Any CPU.Build.0 = Debug|Any CPU
		{C5BDD69B-A3C5-493D-BF31-19193837C5FD}.Debug|x64.ActiveCfg = Debug|x64
		{C5BDD69B-A3C5-493D-BF31-19193837C5FD}.Debug|x64.Build.0 = Debug|x64
		{C5BDD69B-A3C5-493D-BF31-19193837C5FD}.Linux|Any CPU.ActiveCfg = Debug|Any CPU
		{C5BDD69B-A3C5-493D-BF31-19193837C5FD}.Linux|Any CPU.Build.0 = Debug|Any CPU
		{C5BDD69B-A3C5-493D-BF31-19193837C5FD}.Linux|x64.ActiveCfg = Debug|x64
		{C5BDD69B-A3C5-493D-BF31-19193837C5FD}.Linux|x64.Build.0 = Debug|x64
		{C5BDD69B-A3C5-493D-BF31-19193837C5FD}.MacOS|Any CPU.ActiveCfg = Debug|Any CPU
		{C5BDD69B-A3C5-493D-BF31-19193837C5FD}.MacOS|Any CPU.Build.0 = Debug|Any CPU
		{C5BDD69B-A3C5-493D-BF31-19193837C5FD}.MacOS|x64.ActiveCfg = Debug|x64
		{C5BDD69B-A3C5-493D-BF31-19193837C5FD}.MacOS|x64.Build.0 = Debug|x64
		{C5BDD69B-A3C5-493D-BF31-19193837C5FD}.Release|Any CPU.ActiveCfg = Release|Any CPU
		{C5BDD69B-A3C5-493D-BF31-19193837C5FD}.Release|Any CPU.Build.0 = Release|Any CPU
		{C5BDD69B-A3C5-493D-BF31-19193837C5FD}.Release|x64.ActiveCfg = Release|x64
		{C5BDD69B-A3C5-493D-BF31-19193837C5FD}.Release|x64.Build.0 = Release|x64
		{C5BDD69B-A3C5-493D-BF31-19193837C5FD}.Windows|Any CPU.ActiveCfg = Debug|Any CPU
		{C5BDD69B-A3C5-493D-BF31-19193837C5FD}.Windows|Any CPU.Build.0 = Debug|Any CPU
		{C5BDD69B-A3C5-493D-BF31-19193837C5FD}.Windows|x64.ActiveCfg = Debug|x64
		{C5BDD69B-A3C5-493D-BF31-19193837C5FD}.Windows|x64.Build.0 = Debug|x64
		{26219AC6-E8E9-4F30-AF2F-D3F9890F8EE8}.Debug|Any CPU.ActiveCfg = Debug|Any CPU
		{26219AC6-E8E9-4F30-AF2F-D3F9890F8EE8}.Debug|Any CPU.Build.0 = Debug|Any CPU
		{26219AC6-E8E9-4F30-AF2F-D3F9890F8EE8}.Debug|x64.ActiveCfg = Debug|x64
		{26219AC6-E8E9-4F30-AF2F-D3F9890F8EE8}.Debug|x64.Build.0 = Debug|x64
		{26219AC6-E8E9-4F30-AF2F-D3F9890F8EE8}.Linux|Any CPU.ActiveCfg = Debug|Any CPU
		{26219AC6-E8E9-4F30-AF2F-D3F9890F8EE8}.Linux|Any CPU.Build.0 = Debug|Any CPU
		{26219AC6-E8E9-4F30-AF2F-D3F9890F8EE8}.Linux|x64.ActiveCfg = Debug|Any CPU
		{26219AC6-E8E9-4F30-AF2F-D3F9890F8EE8}.Linux|x64.Build.0 = Debug|Any CPU
		{26219AC6-E8E9-4F30-AF2F-D3F9890F8EE8}.MacOS|Any CPU.ActiveCfg = Debug|Any CPU
		{26219AC6-E8E9-4F30-AF2F-D3F9890F8EE8}.MacOS|Any CPU.Build.0 = Debug|Any CPU
		{26219AC6-E8E9-4F30-AF2F-D3F9890F8EE8}.MacOS|x64.ActiveCfg = Debug|Any CPU
		{26219AC6-E8E9-4F30-AF2F-D3F9890F8EE8}.MacOS|x64.Build.0 = Debug|Any CPU
		{26219AC6-E8E9-4F30-AF2F-D3F9890F8EE8}.Release|Any CPU.ActiveCfg = Release|Any CPU
		{26219AC6-E8E9-4F30-AF2F-D3F9890F8EE8}.Release|Any CPU.Build.0 = Release|Any CPU
		{26219AC6-E8E9-4F30-AF2F-D3F9890F8EE8}.Release|x64.ActiveCfg = Release|x64
		{26219AC6-E8E9-4F30-AF2F-D3F9890F8EE8}.Release|x64.Build.0 = Release|x64
		{26219AC6-E8E9-4F30-AF2F-D3F9890F8EE8}.Windows|Any CPU.ActiveCfg = Debug|Any CPU
		{26219AC6-E8E9-4F30-AF2F-D3F9890F8EE8}.Windows|Any CPU.Build.0 = Debug|Any CPU
		{26219AC6-E8E9-4F30-AF2F-D3F9890F8EE8}.Windows|x64.ActiveCfg = Debug|Any CPU
		{26219AC6-E8E9-4F30-AF2F-D3F9890F8EE8}.Windows|x64.Build.0 = Debug|Any CPU
		{54F7DEDD-A000-44A8-80F9-B35F784243F9}.Debug|Any CPU.ActiveCfg = Debug|Any CPU
		{54F7DEDD-A000-44A8-80F9-B35F784243F9}.Debug|Any CPU.Build.0 = Debug|Any CPU
		{54F7DEDD-A000-44A8-80F9-B35F784243F9}.Debug|x64.ActiveCfg = Debug|x64
		{54F7DEDD-A000-44A8-80F9-B35F784243F9}.Debug|x64.Build.0 = Debug|x64
		{54F7DEDD-A000-44A8-80F9-B35F784243F9}.Linux|Any CPU.ActiveCfg = Debug|Any CPU
		{54F7DEDD-A000-44A8-80F9-B35F784243F9}.Linux|Any CPU.Build.0 = Debug|Any CPU
		{54F7DEDD-A000-44A8-80F9-B35F784243F9}.Linux|x64.ActiveCfg = Debug|Any CPU
		{54F7DEDD-A000-44A8-80F9-B35F784243F9}.Linux|x64.Build.0 = Debug|Any CPU
		{54F7DEDD-A000-44A8-80F9-B35F784243F9}.MacOS|Any CPU.ActiveCfg = Debug|Any CPU
		{54F7DEDD-A000-44A8-80F9-B35F784243F9}.MacOS|Any CPU.Build.0 = Debug|Any CPU
		{54F7DEDD-A000-44A8-80F9-B35F784243F9}.MacOS|x64.ActiveCfg = Debug|Any CPU
		{54F7DEDD-A000-44A8-80F9-B35F784243F9}.MacOS|x64.Build.0 = Debug|Any CPU
		{54F7DEDD-A000-44A8-80F9-B35F784243F9}.Release|Any CPU.ActiveCfg = Release|Any CPU
		{54F7DEDD-A000-44A8-80F9-B35F784243F9}.Release|Any CPU.Build.0 = Release|Any CPU
		{54F7DEDD-A000-44A8-80F9-B35F784243F9}.Release|x64.ActiveCfg = Release|x64
		{54F7DEDD-A000-44A8-80F9-B35F784243F9}.Release|x64.Build.0 = Release|x64
		{54F7DEDD-A000-44A8-80F9-B35F784243F9}.Windows|Any CPU.ActiveCfg = Debug|Any CPU
		{54F7DEDD-A000-44A8-80F9-B35F784243F9}.Windows|Any CPU.Build.0 = Debug|Any CPU
		{54F7DEDD-A000-44A8-80F9-B35F784243F9}.Windows|x64.ActiveCfg = Debug|Any CPU
		{54F7DEDD-A000-44A8-80F9-B35F784243F9}.Windows|x64.Build.0 = Debug|Any CPU
		{17D6DA3D-6D1D-464D-BC6F-FB55C5BE7A5D}.Debug|Any CPU.ActiveCfg = Debug|Any CPU
		{17D6DA3D-6D1D-464D-BC6F-FB55C5BE7A5D}.Debug|Any CPU.Build.0 = Debug|Any CPU
		{17D6DA3D-6D1D-464D-BC6F-FB55C5BE7A5D}.Debug|x64.ActiveCfg = Debug|x64
		{17D6DA3D-6D1D-464D-BC6F-FB55C5BE7A5D}.Debug|x64.Build.0 = Debug|x64
		{17D6DA3D-6D1D-464D-BC6F-FB55C5BE7A5D}.Linux|Any CPU.ActiveCfg = Debug|Any CPU
		{17D6DA3D-6D1D-464D-BC6F-FB55C5BE7A5D}.Linux|Any CPU.Build.0 = Debug|Any CPU
		{17D6DA3D-6D1D-464D-BC6F-FB55C5BE7A5D}.Linux|x64.ActiveCfg = Debug|Any CPU
		{17D6DA3D-6D1D-464D-BC6F-FB55C5BE7A5D}.Linux|x64.Build.0 = Debug|Any CPU
		{17D6DA3D-6D1D-464D-BC6F-FB55C5BE7A5D}.MacOS|Any CPU.ActiveCfg = Debug|Any CPU
		{17D6DA3D-6D1D-464D-BC6F-FB55C5BE7A5D}.MacOS|Any CPU.Build.0 = Debug|Any CPU
		{17D6DA3D-6D1D-464D-BC6F-FB55C5BE7A5D}.MacOS|x64.ActiveCfg = Debug|Any CPU
		{17D6DA3D-6D1D-464D-BC6F-FB55C5BE7A5D}.MacOS|x64.Build.0 = Debug|Any CPU
		{17D6DA3D-6D1D-464D-BC6F-FB55C5BE7A5D}.Release|Any CPU.ActiveCfg = Release|Any CPU
		{17D6DA3D-6D1D-464D-BC6F-FB55C5BE7A5D}.Release|Any CPU.Build.0 = Release|Any CPU
		{17D6DA3D-6D1D-464D-BC6F-FB55C5BE7A5D}.Release|x64.ActiveCfg = Release|x64
		{17D6DA3D-6D1D-464D-BC6F-FB55C5BE7A5D}.Release|x64.Build.0 = Release|x64
		{17D6DA3D-6D1D-464D-BC6F-FB55C5BE7A5D}.Windows|Any CPU.ActiveCfg = Debug|Any CPU
		{17D6DA3D-6D1D-464D-BC6F-FB55C5BE7A5D}.Windows|Any CPU.Build.0 = Debug|Any CPU
		{17D6DA3D-6D1D-464D-BC6F-FB55C5BE7A5D}.Windows|x64.ActiveCfg = Debug|Any CPU
		{17D6DA3D-6D1D-464D-BC6F-FB55C5BE7A5D}.Windows|x64.Build.0 = Debug|Any CPU
		{8CED9F50-A279-4F23-8328-019980E31B55}.Debug|Any CPU.ActiveCfg = Debug|Any CPU
		{8CED9F50-A279-4F23-8328-019980E31B55}.Debug|Any CPU.Build.0 = Debug|Any CPU
		{8CED9F50-A279-4F23-8328-019980E31B55}.Debug|x64.ActiveCfg = Debug|x64
		{8CED9F50-A279-4F23-8328-019980E31B55}.Debug|x64.Build.0 = Debug|x64
		{8CED9F50-A279-4F23-8328-019980E31B55}.Linux|Any CPU.ActiveCfg = Debug|Any CPU
		{8CED9F50-A279-4F23-8328-019980E31B55}.Linux|Any CPU.Build.0 = Debug|Any CPU
		{8CED9F50-A279-4F23-8328-019980E31B55}.Linux|x64.ActiveCfg = Debug|Any CPU
		{8CED9F50-A279-4F23-8328-019980E31B55}.Linux|x64.Build.0 = Debug|Any CPU
		{8CED9F50-A279-4F23-8328-019980E31B55}.MacOS|Any CPU.ActiveCfg = Debug|Any CPU
		{8CED9F50-A279-4F23-8328-019980E31B55}.MacOS|Any CPU.Build.0 = Debug|Any CPU
		{8CED9F50-A279-4F23-8328-019980E31B55}.MacOS|x64.ActiveCfg = Debug|Any CPU
		{8CED9F50-A279-4F23-8328-019980E31B55}.MacOS|x64.Build.0 = Debug|Any CPU
		{8CED9F50-A279-4F23-8328-019980E31B55}.Release|Any CPU.ActiveCfg = Release|Any CPU
		{8CED9F50-A279-4F23-8328-019980E31B55}.Release|Any CPU.Build.0 = Release|Any CPU
		{8CED9F50-A279-4F23-8328-019980E31B55}.Release|x64.ActiveCfg = Release|x64
		{8CED9F50-A279-4F23-8328-019980E31B55}.Release|x64.Build.0 = Release|x64
		{8CED9F50-A279-4F23-8328-019980E31B55}.Windows|Any CPU.ActiveCfg = Debug|Any CPU
		{8CED9F50-A279-4F23-8328-019980E31B55}.Windows|Any CPU.Build.0 = Debug|Any CPU
		{8CED9F50-A279-4F23-8328-019980E31B55}.Windows|x64.ActiveCfg = Debug|Any CPU
		{8CED9F50-A279-4F23-8328-019980E31B55}.Windows|x64.Build.0 = Debug|Any CPU
		{16DA7079-8B09-4CFD-AF54-05A3BC064779}.Debug|Any CPU.ActiveCfg = Debug|Any CPU
		{16DA7079-8B09-4CFD-AF54-05A3BC064779}.Debug|Any CPU.Build.0 = Debug|Any CPU
		{16DA7079-8B09-4CFD-AF54-05A3BC064779}.Debug|x64.ActiveCfg = Debug|x64
		{16DA7079-8B09-4CFD-AF54-05A3BC064779}.Debug|x64.Build.0 = Debug|x64
		{16DA7079-8B09-4CFD-AF54-05A3BC064779}.Linux|Any CPU.ActiveCfg = Debug|Any CPU
		{16DA7079-8B09-4CFD-AF54-05A3BC064779}.Linux|Any CPU.Build.0 = Debug|Any CPU
		{16DA7079-8B09-4CFD-AF54-05A3BC064779}.Linux|x64.ActiveCfg = Debug|Any CPU
		{16DA7079-8B09-4CFD-AF54-05A3BC064779}.Linux|x64.Build.0 = Debug|Any CPU
		{16DA7079-8B09-4CFD-AF54-05A3BC064779}.MacOS|Any CPU.ActiveCfg = Debug|Any CPU
		{16DA7079-8B09-4CFD-AF54-05A3BC064779}.MacOS|Any CPU.Build.0 = Debug|Any CPU
		{16DA7079-8B09-4CFD-AF54-05A3BC064779}.MacOS|x64.ActiveCfg = Debug|Any CPU
		{16DA7079-8B09-4CFD-AF54-05A3BC064779}.MacOS|x64.Build.0 = Debug|Any CPU
		{16DA7079-8B09-4CFD-AF54-05A3BC064779}.Release|Any CPU.ActiveCfg = Release|Any CPU
		{16DA7079-8B09-4CFD-AF54-05A3BC064779}.Release|Any CPU.Build.0 = Release|Any CPU
		{16DA7079-8B09-4CFD-AF54-05A3BC064779}.Release|x64.ActiveCfg = Release|x64
		{16DA7079-8B09-4CFD-AF54-05A3BC064779}.Release|x64.Build.0 = Release|x64
		{16DA7079-8B09-4CFD-AF54-05A3BC064779}.Windows|Any CPU.ActiveCfg = Debug|Any CPU
		{16DA7079-8B09-4CFD-AF54-05A3BC064779}.Windows|Any CPU.Build.0 = Debug|Any CPU
		{16DA7079-8B09-4CFD-AF54-05A3BC064779}.Windows|x64.ActiveCfg = Debug|Any CPU
		{16DA7079-8B09-4CFD-AF54-05A3BC064779}.Windows|x64.Build.0 = Debug|Any CPU
		{E224FD4F-7E68-4526-BFEA-EB584E787D5F}.Debug|Any CPU.ActiveCfg = Debug|Any CPU
		{E224FD4F-7E68-4526-BFEA-EB584E787D5F}.Debug|Any CPU.Build.0 = Debug|Any CPU
		{E224FD4F-7E68-4526-BFEA-EB584E787D5F}.Debug|x64.ActiveCfg = Debug|x64
		{E224FD4F-7E68-4526-BFEA-EB584E787D5F}.Debug|x64.Build.0 = Debug|x64
		{E224FD4F-7E68-4526-BFEA-EB584E787D5F}.Linux|Any CPU.ActiveCfg = Debug|Any CPU
		{E224FD4F-7E68-4526-BFEA-EB584E787D5F}.Linux|Any CPU.Build.0 = Debug|Any CPU
		{E224FD4F-7E68-4526-BFEA-EB584E787D5F}.Linux|x64.ActiveCfg = Debug|Any CPU
		{E224FD4F-7E68-4526-BFEA-EB584E787D5F}.Linux|x64.Build.0 = Debug|Any CPU
		{E224FD4F-7E68-4526-BFEA-EB584E787D5F}.MacOS|Any CPU.ActiveCfg = Debug|Any CPU
		{E224FD4F-7E68-4526-BFEA-EB584E787D5F}.MacOS|Any CPU.Build.0 = Debug|Any CPU
		{E224FD4F-7E68-4526-BFEA-EB584E787D5F}.MacOS|x64.ActiveCfg = Debug|Any CPU
		{E224FD4F-7E68-4526-BFEA-EB584E787D5F}.MacOS|x64.Build.0 = Debug|Any CPU
		{E224FD4F-7E68-4526-BFEA-EB584E787D5F}.Release|Any CPU.ActiveCfg = Release|Any CPU
		{E224FD4F-7E68-4526-BFEA-EB584E787D5F}.Release|Any CPU.Build.0 = Release|Any CPU
		{E224FD4F-7E68-4526-BFEA-EB584E787D5F}.Release|x64.ActiveCfg = Release|x64
		{E224FD4F-7E68-4526-BFEA-EB584E787D5F}.Release|x64.Build.0 = Release|x64
		{E224FD4F-7E68-4526-BFEA-EB584E787D5F}.Windows|Any CPU.ActiveCfg = Debug|Any CPU
		{E224FD4F-7E68-4526-BFEA-EB584E787D5F}.Windows|Any CPU.Build.0 = Debug|Any CPU
		{E224FD4F-7E68-4526-BFEA-EB584E787D5F}.Windows|x64.ActiveCfg = Debug|Any CPU
		{E224FD4F-7E68-4526-BFEA-EB584E787D5F}.Windows|x64.Build.0 = Debug|Any CPU
		{A6A6D278-7C9F-4320-8ED7-9A44E6E09195}.Debug|Any CPU.ActiveCfg = Debug|Any CPU
		{A6A6D278-7C9F-4320-8ED7-9A44E6E09195}.Debug|Any CPU.Build.0 = Debug|Any CPU
		{A6A6D278-7C9F-4320-8ED7-9A44E6E09195}.Debug|x64.ActiveCfg = Debug|x64
		{A6A6D278-7C9F-4320-8ED7-9A44E6E09195}.Debug|x64.Build.0 = Debug|x64
		{A6A6D278-7C9F-4320-8ED7-9A44E6E09195}.Linux|Any CPU.ActiveCfg = Debug|Any CPU
		{A6A6D278-7C9F-4320-8ED7-9A44E6E09195}.Linux|Any CPU.Build.0 = Debug|Any CPU
		{A6A6D278-7C9F-4320-8ED7-9A44E6E09195}.Linux|x64.ActiveCfg = Debug|Any CPU
		{A6A6D278-7C9F-4320-8ED7-9A44E6E09195}.Linux|x64.Build.0 = Debug|Any CPU
		{A6A6D278-7C9F-4320-8ED7-9A44E6E09195}.MacOS|Any CPU.ActiveCfg = Debug|Any CPU
		{A6A6D278-7C9F-4320-8ED7-9A44E6E09195}.MacOS|Any CPU.Build.0 = Debug|Any CPU
		{A6A6D278-7C9F-4320-8ED7-9A44E6E09195}.MacOS|x64.ActiveCfg = Debug|Any CPU
		{A6A6D278-7C9F-4320-8ED7-9A44E6E09195}.MacOS|x64.Build.0 = Debug|Any CPU
		{A6A6D278-7C9F-4320-8ED7-9A44E6E09195}.Release|Any CPU.ActiveCfg = Release|Any CPU
		{A6A6D278-7C9F-4320-8ED7-9A44E6E09195}.Release|Any CPU.Build.0 = Release|Any CPU
		{A6A6D278-7C9F-4320-8ED7-9A44E6E09195}.Release|x64.ActiveCfg = Release|x64
		{A6A6D278-7C9F-4320-8ED7-9A44E6E09195}.Release|x64.Build.0 = Release|x64
		{A6A6D278-7C9F-4320-8ED7-9A44E6E09195}.Windows|Any CPU.ActiveCfg = Debug|Any CPU
		{A6A6D278-7C9F-4320-8ED7-9A44E6E09195}.Windows|Any CPU.Build.0 = Debug|Any CPU
		{A6A6D278-7C9F-4320-8ED7-9A44E6E09195}.Windows|x64.ActiveCfg = Debug|Any CPU
		{A6A6D278-7C9F-4320-8ED7-9A44E6E09195}.Windows|x64.Build.0 = Debug|Any CPU
		{3520E15B-1BC7-4807-A4C1-6E9AA34D61D3}.Debug|Any CPU.ActiveCfg = Debug|Any CPU
		{3520E15B-1BC7-4807-A4C1-6E9AA34D61D3}.Debug|Any CPU.Build.0 = Debug|Any CPU
		{3520E15B-1BC7-4807-A4C1-6E9AA34D61D3}.Debug|x64.ActiveCfg = Debug|x64
		{3520E15B-1BC7-4807-A4C1-6E9AA34D61D3}.Debug|x64.Build.0 = Debug|x64
		{3520E15B-1BC7-4807-A4C1-6E9AA34D61D3}.Linux|Any CPU.ActiveCfg = Debug|Any CPU
		{3520E15B-1BC7-4807-A4C1-6E9AA34D61D3}.Linux|Any CPU.Build.0 = Debug|Any CPU
		{3520E15B-1BC7-4807-A4C1-6E9AA34D61D3}.Linux|x64.ActiveCfg = Debug|Any CPU
		{3520E15B-1BC7-4807-A4C1-6E9AA34D61D3}.Linux|x64.Build.0 = Debug|Any CPU
		{3520E15B-1BC7-4807-A4C1-6E9AA34D61D3}.MacOS|Any CPU.ActiveCfg = Debug|Any CPU
		{3520E15B-1BC7-4807-A4C1-6E9AA34D61D3}.MacOS|Any CPU.Build.0 = Debug|Any CPU
		{3520E15B-1BC7-4807-A4C1-6E9AA34D61D3}.MacOS|x64.ActiveCfg = Debug|Any CPU
		{3520E15B-1BC7-4807-A4C1-6E9AA34D61D3}.MacOS|x64.Build.0 = Debug|Any CPU
		{3520E15B-1BC7-4807-A4C1-6E9AA34D61D3}.Release|Any CPU.ActiveCfg = Release|Any CPU
		{3520E15B-1BC7-4807-A4C1-6E9AA34D61D3}.Release|Any CPU.Build.0 = Release|Any CPU
		{3520E15B-1BC7-4807-A4C1-6E9AA34D61D3}.Release|x64.ActiveCfg = Release|x64
		{3520E15B-1BC7-4807-A4C1-6E9AA34D61D3}.Release|x64.Build.0 = Release|x64
		{3520E15B-1BC7-4807-A4C1-6E9AA34D61D3}.Windows|Any CPU.ActiveCfg = Debug|Any CPU
		{3520E15B-1BC7-4807-A4C1-6E9AA34D61D3}.Windows|Any CPU.Build.0 = Debug|Any CPU
		{3520E15B-1BC7-4807-A4C1-6E9AA34D61D3}.Windows|x64.ActiveCfg = Debug|Any CPU
		{3520E15B-1BC7-4807-A4C1-6E9AA34D61D3}.Windows|x64.Build.0 = Debug|Any CPU
		{E066B559-E7C0-4E2B-B91A-F4784EF47330}.Debug|Any CPU.ActiveCfg = Debug|Any CPU
		{E066B559-E7C0-4E2B-B91A-F4784EF47330}.Debug|Any CPU.Build.0 = Debug|Any CPU
		{E066B559-E7C0-4E2B-B91A-F4784EF47330}.Debug|x64.ActiveCfg = Debug|x64
		{E066B559-E7C0-4E2B-B91A-F4784EF47330}.Debug|x64.Build.0 = Debug|x64
		{E066B559-E7C0-4E2B-B91A-F4784EF47330}.Linux|Any CPU.ActiveCfg = Debug|Any CPU
		{E066B559-E7C0-4E2B-B91A-F4784EF47330}.Linux|Any CPU.Build.0 = Debug|Any CPU
		{E066B559-E7C0-4E2B-B91A-F4784EF47330}.Linux|x64.ActiveCfg = Debug|Any CPU
		{E066B559-E7C0-4E2B-B91A-F4784EF47330}.Linux|x64.Build.0 = Debug|Any CPU
		{E066B559-E7C0-4E2B-B91A-F4784EF47330}.MacOS|Any CPU.ActiveCfg = Debug|Any CPU
		{E066B559-E7C0-4E2B-B91A-F4784EF47330}.MacOS|Any CPU.Build.0 = Debug|Any CPU
		{E066B559-E7C0-4E2B-B91A-F4784EF47330}.MacOS|x64.ActiveCfg = Debug|Any CPU
		{E066B559-E7C0-4E2B-B91A-F4784EF47330}.MacOS|x64.Build.0 = Debug|Any CPU
		{E066B559-E7C0-4E2B-B91A-F4784EF47330}.Release|Any CPU.ActiveCfg = Release|Any CPU
		{E066B559-E7C0-4E2B-B91A-F4784EF47330}.Release|Any CPU.Build.0 = Release|Any CPU
		{E066B559-E7C0-4E2B-B91A-F4784EF47330}.Release|x64.ActiveCfg = Release|x64
		{E066B559-E7C0-4E2B-B91A-F4784EF47330}.Release|x64.Build.0 = Release|x64
		{E066B559-E7C0-4E2B-B91A-F4784EF47330}.Windows|Any CPU.ActiveCfg = Debug|Any CPU
		{E066B559-E7C0-4E2B-B91A-F4784EF47330}.Windows|Any CPU.Build.0 = Debug|Any CPU
		{E066B559-E7C0-4E2B-B91A-F4784EF47330}.Windows|x64.ActiveCfg = Debug|Any CPU
		{E066B559-E7C0-4E2B-B91A-F4784EF47330}.Windows|x64.Build.0 = Debug|Any CPU
		{480B5C3C-FA28-4DF4-851B-B17729C7A1CB}.Debug|Any CPU.ActiveCfg = Debug|Any CPU
		{480B5C3C-FA28-4DF4-851B-B17729C7A1CB}.Debug|Any CPU.Build.0 = Debug|Any CPU
		{480B5C3C-FA28-4DF4-851B-B17729C7A1CB}.Debug|x64.ActiveCfg = Debug|x64
		{480B5C3C-FA28-4DF4-851B-B17729C7A1CB}.Debug|x64.Build.0 = Debug|x64
		{480B5C3C-FA28-4DF4-851B-B17729C7A1CB}.Linux|Any CPU.ActiveCfg = Debug|Any CPU
		{480B5C3C-FA28-4DF4-851B-B17729C7A1CB}.Linux|Any CPU.Build.0 = Debug|Any CPU
		{480B5C3C-FA28-4DF4-851B-B17729C7A1CB}.Linux|x64.ActiveCfg = Debug|Any CPU
		{480B5C3C-FA28-4DF4-851B-B17729C7A1CB}.Linux|x64.Build.0 = Debug|Any CPU
		{480B5C3C-FA28-4DF4-851B-B17729C7A1CB}.MacOS|Any CPU.ActiveCfg = Debug|Any CPU
		{480B5C3C-FA28-4DF4-851B-B17729C7A1CB}.MacOS|Any CPU.Build.0 = Debug|Any CPU
		{480B5C3C-FA28-4DF4-851B-B17729C7A1CB}.MacOS|x64.ActiveCfg = Debug|Any CPU
		{480B5C3C-FA28-4DF4-851B-B17729C7A1CB}.MacOS|x64.Build.0 = Debug|Any CPU
		{480B5C3C-FA28-4DF4-851B-B17729C7A1CB}.Release|Any CPU.ActiveCfg = Release|Any CPU
		{480B5C3C-FA28-4DF4-851B-B17729C7A1CB}.Release|Any CPU.Build.0 = Release|Any CPU
		{480B5C3C-FA28-4DF4-851B-B17729C7A1CB}.Release|x64.ActiveCfg = Release|x64
		{480B5C3C-FA28-4DF4-851B-B17729C7A1CB}.Release|x64.Build.0 = Release|x64
		{480B5C3C-FA28-4DF4-851B-B17729C7A1CB}.Windows|Any CPU.ActiveCfg = Debug|Any CPU
		{480B5C3C-FA28-4DF4-851B-B17729C7A1CB}.Windows|Any CPU.Build.0 = Debug|Any CPU
		{480B5C3C-FA28-4DF4-851B-B17729C7A1CB}.Windows|x64.ActiveCfg = Debug|Any CPU
		{480B5C3C-FA28-4DF4-851B-B17729C7A1CB}.Windows|x64.Build.0 = Debug|Any CPU
		{5529707C-749C-4DB7-A390-26220F192FB5}.Debug|Any CPU.ActiveCfg = Debug|Any CPU
		{5529707C-749C-4DB7-A390-26220F192FB5}.Debug|Any CPU.Build.0 = Debug|Any CPU
		{5529707C-749C-4DB7-A390-26220F192FB5}.Debug|x64.ActiveCfg = Debug|x64
		{5529707C-749C-4DB7-A390-26220F192FB5}.Debug|x64.Build.0 = Debug|x64
		{5529707C-749C-4DB7-A390-26220F192FB5}.Linux|Any CPU.ActiveCfg = Debug|Any CPU
		{5529707C-749C-4DB7-A390-26220F192FB5}.Linux|Any CPU.Build.0 = Debug|Any CPU
		{5529707C-749C-4DB7-A390-26220F192FB5}.Linux|x64.ActiveCfg = Debug|Any CPU
		{5529707C-749C-4DB7-A390-26220F192FB5}.Linux|x64.Build.0 = Debug|Any CPU
		{5529707C-749C-4DB7-A390-26220F192FB5}.MacOS|Any CPU.ActiveCfg = Debug|Any CPU
		{5529707C-749C-4DB7-A390-26220F192FB5}.MacOS|Any CPU.Build.0 = Debug|Any CPU
		{5529707C-749C-4DB7-A390-26220F192FB5}.MacOS|x64.ActiveCfg = Debug|Any CPU
		{5529707C-749C-4DB7-A390-26220F192FB5}.MacOS|x64.Build.0 = Debug|Any CPU
		{5529707C-749C-4DB7-A390-26220F192FB5}.Release|Any CPU.ActiveCfg = Release|Any CPU
		{5529707C-749C-4DB7-A390-26220F192FB5}.Release|Any CPU.Build.0 = Release|Any CPU
		{5529707C-749C-4DB7-A390-26220F192FB5}.Release|x64.ActiveCfg = Release|x64
		{5529707C-749C-4DB7-A390-26220F192FB5}.Release|x64.Build.0 = Release|x64
		{5529707C-749C-4DB7-A390-26220F192FB5}.Windows|Any CPU.ActiveCfg = Debug|Any CPU
		{5529707C-749C-4DB7-A390-26220F192FB5}.Windows|Any CPU.Build.0 = Debug|Any CPU
		{5529707C-749C-4DB7-A390-26220F192FB5}.Windows|x64.ActiveCfg = Debug|Any CPU
		{5529707C-749C-4DB7-A390-26220F192FB5}.Windows|x64.Build.0 = Debug|Any CPU
		{6D1AEBF6-BC2A-4822-BC6A-095E2DEEFC25}.Debug|Any CPU.ActiveCfg = Debug|Any CPU
		{6D1AEBF6-BC2A-4822-BC6A-095E2DEEFC25}.Debug|Any CPU.Build.0 = Debug|Any CPU
		{6D1AEBF6-BC2A-4822-BC6A-095E2DEEFC25}.Debug|x64.ActiveCfg = Debug|x64
		{6D1AEBF6-BC2A-4822-BC6A-095E2DEEFC25}.Debug|x64.Build.0 = Debug|x64
		{6D1AEBF6-BC2A-4822-BC6A-095E2DEEFC25}.Linux|Any CPU.ActiveCfg = Debug|Any CPU
		{6D1AEBF6-BC2A-4822-BC6A-095E2DEEFC25}.Linux|Any CPU.Build.0 = Debug|Any CPU
		{6D1AEBF6-BC2A-4822-BC6A-095E2DEEFC25}.Linux|x64.ActiveCfg = Debug|Any CPU
		{6D1AEBF6-BC2A-4822-BC6A-095E2DEEFC25}.Linux|x64.Build.0 = Debug|Any CPU
		{6D1AEBF6-BC2A-4822-BC6A-095E2DEEFC25}.MacOS|Any CPU.ActiveCfg = Debug|Any CPU
		{6D1AEBF6-BC2A-4822-BC6A-095E2DEEFC25}.MacOS|Any CPU.Build.0 = Debug|Any CPU
		{6D1AEBF6-BC2A-4822-BC6A-095E2DEEFC25}.MacOS|x64.ActiveCfg = Debug|Any CPU
		{6D1AEBF6-BC2A-4822-BC6A-095E2DEEFC25}.MacOS|x64.Build.0 = Debug|Any CPU
		{6D1AEBF6-BC2A-4822-BC6A-095E2DEEFC25}.Release|Any CPU.ActiveCfg = Release|Any CPU
		{6D1AEBF6-BC2A-4822-BC6A-095E2DEEFC25}.Release|Any CPU.Build.0 = Release|Any CPU
		{6D1AEBF6-BC2A-4822-BC6A-095E2DEEFC25}.Release|x64.ActiveCfg = Release|x64
		{6D1AEBF6-BC2A-4822-BC6A-095E2DEEFC25}.Release|x64.Build.0 = Release|x64
		{6D1AEBF6-BC2A-4822-BC6A-095E2DEEFC25}.Windows|Any CPU.ActiveCfg = Debug|Any CPU
		{6D1AEBF6-BC2A-4822-BC6A-095E2DEEFC25}.Windows|Any CPU.Build.0 = Debug|Any CPU
		{6D1AEBF6-BC2A-4822-BC6A-095E2DEEFC25}.Windows|x64.ActiveCfg = Debug|Any CPU
		{6D1AEBF6-BC2A-4822-BC6A-095E2DEEFC25}.Windows|x64.Build.0 = Debug|Any CPU
		{FADFBFD1-CF16-43CB-8E04-02284E58AACC}.Debug|Any CPU.ActiveCfg = Debug|Any CPU
		{FADFBFD1-CF16-43CB-8E04-02284E58AACC}.Debug|Any CPU.Build.0 = Debug|Any CPU
		{FADFBFD1-CF16-43CB-8E04-02284E58AACC}.Debug|x64.ActiveCfg = Debug|x64
		{FADFBFD1-CF16-43CB-8E04-02284E58AACC}.Debug|x64.Build.0 = Debug|x64
		{FADFBFD1-CF16-43CB-8E04-02284E58AACC}.Linux|Any CPU.ActiveCfg = Debug|Any CPU
		{FADFBFD1-CF16-43CB-8E04-02284E58AACC}.Linux|Any CPU.Build.0 = Debug|Any CPU
		{FADFBFD1-CF16-43CB-8E04-02284E58AACC}.Linux|x64.ActiveCfg = Debug|Any CPU
		{FADFBFD1-CF16-43CB-8E04-02284E58AACC}.Linux|x64.Build.0 = Debug|Any CPU
		{FADFBFD1-CF16-43CB-8E04-02284E58AACC}.MacOS|Any CPU.ActiveCfg = Debug|Any CPU
		{FADFBFD1-CF16-43CB-8E04-02284E58AACC}.MacOS|Any CPU.Build.0 = Debug|Any CPU
		{FADFBFD1-CF16-43CB-8E04-02284E58AACC}.MacOS|x64.ActiveCfg = Debug|Any CPU
		{FADFBFD1-CF16-43CB-8E04-02284E58AACC}.MacOS|x64.Build.0 = Debug|Any CPU
		{FADFBFD1-CF16-43CB-8E04-02284E58AACC}.Release|Any CPU.ActiveCfg = Release|Any CPU
		{FADFBFD1-CF16-43CB-8E04-02284E58AACC}.Release|Any CPU.Build.0 = Release|Any CPU
		{FADFBFD1-CF16-43CB-8E04-02284E58AACC}.Release|x64.ActiveCfg = Release|x64
		{FADFBFD1-CF16-43CB-8E04-02284E58AACC}.Release|x64.Build.0 = Release|x64
		{FADFBFD1-CF16-43CB-8E04-02284E58AACC}.Windows|Any CPU.ActiveCfg = Debug|Any CPU
		{FADFBFD1-CF16-43CB-8E04-02284E58AACC}.Windows|Any CPU.Build.0 = Debug|Any CPU
		{FADFBFD1-CF16-43CB-8E04-02284E58AACC}.Windows|x64.ActiveCfg = Debug|Any CPU
		{FADFBFD1-CF16-43CB-8E04-02284E58AACC}.Windows|x64.Build.0 = Debug|Any CPU
		{54E32D80-2825-43BD-A6EF-F8BFF8CE9DEE}.Debug|Any CPU.ActiveCfg = Debug|Any CPU
		{54E32D80-2825-43BD-A6EF-F8BFF8CE9DEE}.Debug|Any CPU.Build.0 = Debug|Any CPU
		{54E32D80-2825-43BD-A6EF-F8BFF8CE9DEE}.Debug|x64.ActiveCfg = Debug|x64
		{54E32D80-2825-43BD-A6EF-F8BFF8CE9DEE}.Debug|x64.Build.0 = Debug|x64
		{54E32D80-2825-43BD-A6EF-F8BFF8CE9DEE}.Linux|Any CPU.ActiveCfg = Debug|Any CPU
		{54E32D80-2825-43BD-A6EF-F8BFF8CE9DEE}.Linux|Any CPU.Build.0 = Debug|Any CPU
		{54E32D80-2825-43BD-A6EF-F8BFF8CE9DEE}.Linux|x64.ActiveCfg = Debug|Any CPU
		{54E32D80-2825-43BD-A6EF-F8BFF8CE9DEE}.Linux|x64.Build.0 = Debug|Any CPU
		{54E32D80-2825-43BD-A6EF-F8BFF8CE9DEE}.MacOS|Any CPU.ActiveCfg = Debug|Any CPU
		{54E32D80-2825-43BD-A6EF-F8BFF8CE9DEE}.MacOS|Any CPU.Build.0 = Debug|Any CPU
		{54E32D80-2825-43BD-A6EF-F8BFF8CE9DEE}.MacOS|x64.ActiveCfg = Debug|Any CPU
		{54E32D80-2825-43BD-A6EF-F8BFF8CE9DEE}.MacOS|x64.Build.0 = Debug|Any CPU
		{54E32D80-2825-43BD-A6EF-F8BFF8CE9DEE}.Release|Any CPU.ActiveCfg = Release|Any CPU
		{54E32D80-2825-43BD-A6EF-F8BFF8CE9DEE}.Release|Any CPU.Build.0 = Release|Any CPU
		{54E32D80-2825-43BD-A6EF-F8BFF8CE9DEE}.Release|x64.ActiveCfg = Release|x64
		{54E32D80-2825-43BD-A6EF-F8BFF8CE9DEE}.Release|x64.Build.0 = Release|x64
		{54E32D80-2825-43BD-A6EF-F8BFF8CE9DEE}.Windows|Any CPU.ActiveCfg = Debug|Any CPU
		{54E32D80-2825-43BD-A6EF-F8BFF8CE9DEE}.Windows|Any CPU.Build.0 = Debug|Any CPU
		{54E32D80-2825-43BD-A6EF-F8BFF8CE9DEE}.Windows|x64.ActiveCfg = Debug|Any CPU
		{54E32D80-2825-43BD-A6EF-F8BFF8CE9DEE}.Windows|x64.Build.0 = Debug|Any CPU
		{4DD9A5AF-BBE5-4B20-B114-2B4A9F97F651}.Debug|Any CPU.ActiveCfg = Debug|Any CPU
		{4DD9A5AF-BBE5-4B20-B114-2B4A9F97F651}.Debug|Any CPU.Build.0 = Debug|Any CPU
		{4DD9A5AF-BBE5-4B20-B114-2B4A9F97F651}.Debug|x64.ActiveCfg = Debug|x64
		{4DD9A5AF-BBE5-4B20-B114-2B4A9F97F651}.Debug|x64.Build.0 = Debug|x64
		{4DD9A5AF-BBE5-4B20-B114-2B4A9F97F651}.Linux|Any CPU.ActiveCfg = Debug|Any CPU
		{4DD9A5AF-BBE5-4B20-B114-2B4A9F97F651}.Linux|Any CPU.Build.0 = Debug|Any CPU
		{4DD9A5AF-BBE5-4B20-B114-2B4A9F97F651}.Linux|x64.ActiveCfg = Debug|Any CPU
		{4DD9A5AF-BBE5-4B20-B114-2B4A9F97F651}.Linux|x64.Build.0 = Debug|Any CPU
		{4DD9A5AF-BBE5-4B20-B114-2B4A9F97F651}.MacOS|Any CPU.ActiveCfg = Debug|Any CPU
		{4DD9A5AF-BBE5-4B20-B114-2B4A9F97F651}.MacOS|Any CPU.Build.0 = Debug|Any CPU
		{4DD9A5AF-BBE5-4B20-B114-2B4A9F97F651}.MacOS|x64.ActiveCfg = Debug|Any CPU
		{4DD9A5AF-BBE5-4B20-B114-2B4A9F97F651}.MacOS|x64.Build.0 = Debug|Any CPU
		{4DD9A5AF-BBE5-4B20-B114-2B4A9F97F651}.Release|Any CPU.ActiveCfg = Release|Any CPU
		{4DD9A5AF-BBE5-4B20-B114-2B4A9F97F651}.Release|Any CPU.Build.0 = Release|Any CPU
		{4DD9A5AF-BBE5-4B20-B114-2B4A9F97F651}.Release|x64.ActiveCfg = Release|x64
		{4DD9A5AF-BBE5-4B20-B114-2B4A9F97F651}.Release|x64.Build.0 = Release|x64
		{4DD9A5AF-BBE5-4B20-B114-2B4A9F97F651}.Windows|Any CPU.ActiveCfg = Debug|Any CPU
		{4DD9A5AF-BBE5-4B20-B114-2B4A9F97F651}.Windows|Any CPU.Build.0 = Debug|Any CPU
		{4DD9A5AF-BBE5-4B20-B114-2B4A9F97F651}.Windows|x64.ActiveCfg = Debug|Any CPU
		{4DD9A5AF-BBE5-4B20-B114-2B4A9F97F651}.Windows|x64.Build.0 = Debug|Any CPU
		{17AA8035-78D6-41F2-A642-DEAD0F859037}.Debug|Any CPU.ActiveCfg = Debug|Any CPU
		{17AA8035-78D6-41F2-A642-DEAD0F859037}.Debug|Any CPU.Build.0 = Debug|Any CPU
		{17AA8035-78D6-41F2-A642-DEAD0F859037}.Debug|x64.ActiveCfg = Debug|x64
		{17AA8035-78D6-41F2-A642-DEAD0F859037}.Debug|x64.Build.0 = Debug|x64
		{17AA8035-78D6-41F2-A642-DEAD0F859037}.Linux|Any CPU.ActiveCfg = Linux|Any CPU
		{17AA8035-78D6-41F2-A642-DEAD0F859037}.Linux|Any CPU.Build.0 = Linux|Any CPU
		{17AA8035-78D6-41F2-A642-DEAD0F859037}.Linux|x64.ActiveCfg = Linux|x64
		{17AA8035-78D6-41F2-A642-DEAD0F859037}.Linux|x64.Build.0 = Linux|x64
		{17AA8035-78D6-41F2-A642-DEAD0F859037}.MacOS|Any CPU.ActiveCfg = MacOS|Any CPU
		{17AA8035-78D6-41F2-A642-DEAD0F859037}.MacOS|Any CPU.Build.0 = MacOS|Any CPU
		{17AA8035-78D6-41F2-A642-DEAD0F859037}.MacOS|x64.ActiveCfg = MacOS|x64
		{17AA8035-78D6-41F2-A642-DEAD0F859037}.MacOS|x64.Build.0 = MacOS|x64
		{17AA8035-78D6-41F2-A642-DEAD0F859037}.Release|Any CPU.ActiveCfg = Release|Any CPU
		{17AA8035-78D6-41F2-A642-DEAD0F859037}.Release|Any CPU.Build.0 = Release|Any CPU
		{17AA8035-78D6-41F2-A642-DEAD0F859037}.Release|x64.ActiveCfg = Release|x64
		{17AA8035-78D6-41F2-A642-DEAD0F859037}.Release|x64.Build.0 = Release|x64
		{17AA8035-78D6-41F2-A642-DEAD0F859037}.Windows|Any CPU.ActiveCfg = Windows|Any CPU
		{17AA8035-78D6-41F2-A642-DEAD0F859037}.Windows|Any CPU.Build.0 = Windows|Any CPU
		{17AA8035-78D6-41F2-A642-DEAD0F859037}.Windows|x64.ActiveCfg = Windows|x64
		{17AA8035-78D6-41F2-A642-DEAD0F859037}.Windows|x64.Build.0 = Windows|x64
		{8D9A01F3-C32B-4FEC-BA51-0AEEA7F16825}.Debug|Any CPU.ActiveCfg = Debug|Any CPU
		{8D9A01F3-C32B-4FEC-BA51-0AEEA7F16825}.Debug|Any CPU.Build.0 = Debug|Any CPU
		{8D9A01F3-C32B-4FEC-BA51-0AEEA7F16825}.Debug|x64.ActiveCfg = Debug|x64
		{8D9A01F3-C32B-4FEC-BA51-0AEEA7F16825}.Debug|x64.Build.0 = Debug|x64
		{8D9A01F3-C32B-4FEC-BA51-0AEEA7F16825}.Linux|Any CPU.ActiveCfg = Debug|Any CPU
		{8D9A01F3-C32B-4FEC-BA51-0AEEA7F16825}.Linux|Any CPU.Build.0 = Debug|Any CPU
		{8D9A01F3-C32B-4FEC-BA51-0AEEA7F16825}.Linux|x64.ActiveCfg = Debug|Any CPU
		{8D9A01F3-C32B-4FEC-BA51-0AEEA7F16825}.Linux|x64.Build.0 = Debug|Any CPU
		{8D9A01F3-C32B-4FEC-BA51-0AEEA7F16825}.MacOS|Any CPU.ActiveCfg = Debug|Any CPU
		{8D9A01F3-C32B-4FEC-BA51-0AEEA7F16825}.MacOS|Any CPU.Build.0 = Debug|Any CPU
		{8D9A01F3-C32B-4FEC-BA51-0AEEA7F16825}.MacOS|x64.ActiveCfg = Debug|Any CPU
		{8D9A01F3-C32B-4FEC-BA51-0AEEA7F16825}.MacOS|x64.Build.0 = Debug|Any CPU
		{8D9A01F3-C32B-4FEC-BA51-0AEEA7F16825}.Release|Any CPU.ActiveCfg = Release|Any CPU
		{8D9A01F3-C32B-4FEC-BA51-0AEEA7F16825}.Release|Any CPU.Build.0 = Release|Any CPU
		{8D9A01F3-C32B-4FEC-BA51-0AEEA7F16825}.Release|x64.ActiveCfg = Release|x64
		{8D9A01F3-C32B-4FEC-BA51-0AEEA7F16825}.Release|x64.Build.0 = Release|x64
		{8D9A01F3-C32B-4FEC-BA51-0AEEA7F16825}.Windows|Any CPU.ActiveCfg = Debug|Any CPU
		{8D9A01F3-C32B-4FEC-BA51-0AEEA7F16825}.Windows|Any CPU.Build.0 = Debug|Any CPU
		{8D9A01F3-C32B-4FEC-BA51-0AEEA7F16825}.Windows|x64.ActiveCfg = Debug|Any CPU
		{8D9A01F3-C32B-4FEC-BA51-0AEEA7F16825}.Windows|x64.Build.0 = Debug|Any CPU
		{C91597FE-45D3-494B-8BC8-32ABE04B8E16}.Debug|Any CPU.ActiveCfg = Debug|Any CPU
		{C91597FE-45D3-494B-8BC8-32ABE04B8E16}.Debug|Any CPU.Build.0 = Debug|Any CPU
		{C91597FE-45D3-494B-8BC8-32ABE04B8E16}.Debug|x64.ActiveCfg = Debug|x64
		{C91597FE-45D3-494B-8BC8-32ABE04B8E16}.Debug|x64.Build.0 = Debug|x64
		{C91597FE-45D3-494B-8BC8-32ABE04B8E16}.Linux|Any CPU.ActiveCfg = Debug|Any CPU
		{C91597FE-45D3-494B-8BC8-32ABE04B8E16}.Linux|Any CPU.Build.0 = Debug|Any CPU
		{C91597FE-45D3-494B-8BC8-32ABE04B8E16}.Linux|x64.ActiveCfg = Debug|Any CPU
		{C91597FE-45D3-494B-8BC8-32ABE04B8E16}.Linux|x64.Build.0 = Debug|Any CPU
		{C91597FE-45D3-494B-8BC8-32ABE04B8E16}.MacOS|Any CPU.ActiveCfg = Debug|Any CPU
		{C91597FE-45D3-494B-8BC8-32ABE04B8E16}.MacOS|Any CPU.Build.0 = Debug|Any CPU
		{C91597FE-45D3-494B-8BC8-32ABE04B8E16}.MacOS|x64.ActiveCfg = Debug|Any CPU
		{C91597FE-45D3-494B-8BC8-32ABE04B8E16}.MacOS|x64.Build.0 = Debug|Any CPU
		{C91597FE-45D3-494B-8BC8-32ABE04B8E16}.Release|Any CPU.ActiveCfg = Release|Any CPU
		{C91597FE-45D3-494B-8BC8-32ABE04B8E16}.Release|Any CPU.Build.0 = Release|Any CPU
		{C91597FE-45D3-494B-8BC8-32ABE04B8E16}.Release|x64.ActiveCfg = Release|x64
		{C91597FE-45D3-494B-8BC8-32ABE04B8E16}.Release|x64.Build.0 = Release|x64
		{C91597FE-45D3-494B-8BC8-32ABE04B8E16}.Windows|Any CPU.ActiveCfg = Debug|Any CPU
		{C91597FE-45D3-494B-8BC8-32ABE04B8E16}.Windows|Any CPU.Build.0 = Debug|Any CPU
		{C91597FE-45D3-494B-8BC8-32ABE04B8E16}.Windows|x64.ActiveCfg = Debug|Any CPU
		{C91597FE-45D3-494B-8BC8-32ABE04B8E16}.Windows|x64.Build.0 = Debug|Any CPU
		{2EB48513-83ED-40D8-B3AD-9C65F13D7B36}.Debug|Any CPU.ActiveCfg = Debug|Any CPU
		{2EB48513-83ED-40D8-B3AD-9C65F13D7B36}.Debug|Any CPU.Build.0 = Debug|Any CPU
		{2EB48513-83ED-40D8-B3AD-9C65F13D7B36}.Debug|x64.ActiveCfg = Debug|x64
		{2EB48513-83ED-40D8-B3AD-9C65F13D7B36}.Debug|x64.Build.0 = Debug|x64
		{2EB48513-83ED-40D8-B3AD-9C65F13D7B36}.Linux|Any CPU.ActiveCfg = Debug|Any CPU
		{2EB48513-83ED-40D8-B3AD-9C65F13D7B36}.Linux|Any CPU.Build.0 = Debug|Any CPU
		{2EB48513-83ED-40D8-B3AD-9C65F13D7B36}.Linux|x64.ActiveCfg = Debug|Any CPU
		{2EB48513-83ED-40D8-B3AD-9C65F13D7B36}.Linux|x64.Build.0 = Debug|Any CPU
		{2EB48513-83ED-40D8-B3AD-9C65F13D7B36}.MacOS|Any CPU.ActiveCfg = Debug|Any CPU
		{2EB48513-83ED-40D8-B3AD-9C65F13D7B36}.MacOS|Any CPU.Build.0 = Debug|Any CPU
		{2EB48513-83ED-40D8-B3AD-9C65F13D7B36}.MacOS|x64.ActiveCfg = Debug|Any CPU
		{2EB48513-83ED-40D8-B3AD-9C65F13D7B36}.MacOS|x64.Build.0 = Debug|Any CPU
		{2EB48513-83ED-40D8-B3AD-9C65F13D7B36}.Release|Any CPU.ActiveCfg = Release|Any CPU
		{2EB48513-83ED-40D8-B3AD-9C65F13D7B36}.Release|Any CPU.Build.0 = Release|Any CPU
		{2EB48513-83ED-40D8-B3AD-9C65F13D7B36}.Release|x64.ActiveCfg = Release|x64
		{2EB48513-83ED-40D8-B3AD-9C65F13D7B36}.Release|x64.Build.0 = Release|x64
		{2EB48513-83ED-40D8-B3AD-9C65F13D7B36}.Windows|Any CPU.ActiveCfg = Debug|Any CPU
		{2EB48513-83ED-40D8-B3AD-9C65F13D7B36}.Windows|Any CPU.Build.0 = Debug|Any CPU
		{2EB48513-83ED-40D8-B3AD-9C65F13D7B36}.Windows|x64.ActiveCfg = Debug|Any CPU
		{2EB48513-83ED-40D8-B3AD-9C65F13D7B36}.Windows|x64.Build.0 = Debug|Any CPU
		{5B3EB242-9B75-41D1-A654-2EAC7F1FD24D}.Debug|Any CPU.ActiveCfg = Debug|Any CPU
		{5B3EB242-9B75-41D1-A654-2EAC7F1FD24D}.Debug|Any CPU.Build.0 = Debug|Any CPU
		{5B3EB242-9B75-41D1-A654-2EAC7F1FD24D}.Debug|x64.ActiveCfg = Debug|Any CPU
		{5B3EB242-9B75-41D1-A654-2EAC7F1FD24D}.Debug|x64.Build.0 = Debug|Any CPU
		{5B3EB242-9B75-41D1-A654-2EAC7F1FD24D}.Linux|Any CPU.ActiveCfg = Debug|Any CPU
		{5B3EB242-9B75-41D1-A654-2EAC7F1FD24D}.Linux|Any CPU.Build.0 = Debug|Any CPU
		{5B3EB242-9B75-41D1-A654-2EAC7F1FD24D}.Linux|x64.ActiveCfg = Debug|Any CPU
		{5B3EB242-9B75-41D1-A654-2EAC7F1FD24D}.Linux|x64.Build.0 = Debug|Any CPU
		{5B3EB242-9B75-41D1-A654-2EAC7F1FD24D}.MacOS|Any CPU.ActiveCfg = Debug|Any CPU
		{5B3EB242-9B75-41D1-A654-2EAC7F1FD24D}.MacOS|Any CPU.Build.0 = Debug|Any CPU
		{5B3EB242-9B75-41D1-A654-2EAC7F1FD24D}.MacOS|x64.ActiveCfg = Debug|Any CPU
		{5B3EB242-9B75-41D1-A654-2EAC7F1FD24D}.MacOS|x64.Build.0 = Debug|Any CPU
		{5B3EB242-9B75-41D1-A654-2EAC7F1FD24D}.Release|Any CPU.ActiveCfg = Release|Any CPU
		{5B3EB242-9B75-41D1-A654-2EAC7F1FD24D}.Release|Any CPU.Build.0 = Release|Any CPU
		{5B3EB242-9B75-41D1-A654-2EAC7F1FD24D}.Release|x64.ActiveCfg = Release|Any CPU
		{5B3EB242-9B75-41D1-A654-2EAC7F1FD24D}.Release|x64.Build.0 = Release|Any CPU
		{5B3EB242-9B75-41D1-A654-2EAC7F1FD24D}.Windows|Any CPU.ActiveCfg = Debug|Any CPU
		{5B3EB242-9B75-41D1-A654-2EAC7F1FD24D}.Windows|Any CPU.Build.0 = Debug|Any CPU
		{5B3EB242-9B75-41D1-A654-2EAC7F1FD24D}.Windows|x64.ActiveCfg = Debug|Any CPU
		{5B3EB242-9B75-41D1-A654-2EAC7F1FD24D}.Windows|x64.Build.0 = Debug|Any CPU
	EndGlobalSection
	GlobalSection(SolutionProperties) = preSolution
		HideSolutionNode = FALSE
	EndGlobalSection
	GlobalSection(NestedProjects) = preSolution
		{152CF521-3111-4144-BD7C-FC7FB37C9F0D} = {5D7ECD00-02F7-467C-B308-A8F1FF7A7341}
		{DFFFD210-FA2C-4573-8BC4-DC5F14FCA3FB} = {5D7ECD00-02F7-467C-B308-A8F1FF7A7341}
		{90DD40EF-F3D3-4968-B914-3BF1AC4CFDB5} = {0D554058-5B9C-43B7-B23D-5818B46E8FC9}
		{AA535351-3EDC-40AB-89B6-B93CAB93662C} = {0D554058-5B9C-43B7-B23D-5818B46E8FC9}
		{51D459E9-071A-4A39-90EE-3BD024F890A7} = {5D7ECD00-02F7-467C-B308-A8F1FF7A7341}
		{EC8FA1B1-EA4C-45A3-ABEB-3E0EBBC0898B} = {C9BEFED7-0144-49F9-8B29-FC2B736E2AE9}
		{033B6332-8ED0-4299-9180-8D506FB34B31} = {EC8FA1B1-EA4C-45A3-ABEB-3E0EBBC0898B}
		{08500C4C-9056-4B92-91D4-D86579A08537} = {EC8FA1B1-EA4C-45A3-ABEB-3E0EBBC0898B}
		{D130B96C-9921-4544-8651-5CAC4A5AE705} = {EC8FA1B1-EA4C-45A3-ABEB-3E0EBBC0898B}
		{C5BDD69B-A3C5-493D-BF31-19193837C5FD} = {EC8FA1B1-EA4C-45A3-ABEB-3E0EBBC0898B}
		{26219AC6-E8E9-4F30-AF2F-D3F9890F8EE8} = {152CF521-3111-4144-BD7C-FC7FB37C9F0D}
		{54F7DEDD-A000-44A8-80F9-B35F784243F9} = {152CF521-3111-4144-BD7C-FC7FB37C9F0D}
		{17D6DA3D-6D1D-464D-BC6F-FB55C5BE7A5D} = {152CF521-3111-4144-BD7C-FC7FB37C9F0D}
		{8CED9F50-A279-4F23-8328-019980E31B55} = {152CF521-3111-4144-BD7C-FC7FB37C9F0D}
		{16DA7079-8B09-4CFD-AF54-05A3BC064779} = {51D459E9-071A-4A39-90EE-3BD024F890A7}
		{E224FD4F-7E68-4526-BFEA-EB584E787D5F} = {51D459E9-071A-4A39-90EE-3BD024F890A7}
		{A6A6D278-7C9F-4320-8ED7-9A44E6E09195} = {51D459E9-071A-4A39-90EE-3BD024F890A7}
		{3520E15B-1BC7-4807-A4C1-6E9AA34D61D3} = {DFFFD210-FA2C-4573-8BC4-DC5F14FCA3FB}
		{E066B559-E7C0-4E2B-B91A-F4784EF47330} = {DFFFD210-FA2C-4573-8BC4-DC5F14FCA3FB}
		{480B5C3C-FA28-4DF4-851B-B17729C7A1CB} = {DFFFD210-FA2C-4573-8BC4-DC5F14FCA3FB}
		{5529707C-749C-4DB7-A390-26220F192FB5} = {DFFFD210-FA2C-4573-8BC4-DC5F14FCA3FB}
		{6D1AEBF6-BC2A-4822-BC6A-095E2DEEFC25} = {AA535351-3EDC-40AB-89B6-B93CAB93662C}
		{FADFBFD1-CF16-43CB-8E04-02284E58AACC} = {AA535351-3EDC-40AB-89B6-B93CAB93662C}
		{54E32D80-2825-43BD-A6EF-F8BFF8CE9DEE} = {AA535351-3EDC-40AB-89B6-B93CAB93662C}
		{4DD9A5AF-BBE5-4B20-B114-2B4A9F97F651} = {AA535351-3EDC-40AB-89B6-B93CAB93662C}
		{17AA8035-78D6-41F2-A642-DEAD0F859037} = {90DD40EF-F3D3-4968-B914-3BF1AC4CFDB5}
		{8D9A01F3-C32B-4FEC-BA51-0AEEA7F16825} = {90DD40EF-F3D3-4968-B914-3BF1AC4CFDB5}
		{C91597FE-45D3-494B-8BC8-32ABE04B8E16} = {90DD40EF-F3D3-4968-B914-3BF1AC4CFDB5}
		{2EB48513-83ED-40D8-B3AD-9C65F13D7B36} = {90DD40EF-F3D3-4968-B914-3BF1AC4CFDB5}
		{1C078B0B-7D05-41A5-B92A-6B096EBD12B9} = {8040226E-AF16-4FC2-935C-50AFEC388C42}
		{5B3EB242-9B75-41D1-A654-2EAC7F1FD24D} = {1C078B0B-7D05-41A5-B92A-6B096EBD12B9}
	EndGlobalSection
	GlobalSection(ExtensibilityGlobals) = postSolution
		SolutionGuid = {5140EC98-289B-4148-B559-C500235CFC6B}
	EndGlobalSection
EndGlobal
