<?xml version="1.0" encoding="utf-8"?>
<Project ToolsVersion="17.0" xmlns="http://schemas.microsoft.com/developer/msbuild/2003">
  <ItemGroup>
    <ClCompile Include="C:\Users\pabllopf\Desktop\Alis\4_Operation\Graphic\binding\cimgui\cimgui.cpp">
      <Filter>Source Files</Filter>
    </ClCompile>
    <ClCompile Include="C:\Users\pabllopf\Desktop\Alis\4_Operation\Graphic\binding\cimgui\cimguizmo.cpp">
      <Filter>Source Files</Filter>
    </ClCompile>
    <ClCompile Include="C:\Users\pabllopf\Desktop\Alis\4_Operation\Graphic\binding\cimgui\cimnodes.cpp">
      <Filter>Source Files</Filter>
    </ClCompile>
    <ClCompile Include="C:\Users\pabllopf\Desktop\Alis\4_Operation\Graphic\binding\cimgui\cimplot.cpp">
      <Filter>Source Files</Filter>
    </ClCompile>
    <ClCompile Include="C:\Users\pabllopf\Desktop\Alis\4_Operation\Graphic\binding\cimgui\imgui\imgui.cpp">
      <Filter>Source Files</Filter>
    </ClCompile>
    <ClCompile Include="C:\Users\pabllopf\Desktop\Alis\4_Operation\Graphic\binding\cimgui\imgui\imgui_demo.cpp">
      <Filter>Source Files</Filter>
    </ClCompile>
    <ClCompile Include="C:\Users\pabllopf\Desktop\Alis\4_Operation\Graphic\binding\cimgui\imgui\imgui_draw.cpp">
      <Filter>Source Files</Filter>
    </ClCompile>
    <ClCompile Include="C:\Users\pabllopf\Desktop\Alis\4_Operation\Graphic\binding\cimgui\imgui\imgui_tables.cpp">
      <Filter>Source Files</Filter>
    </ClCompile>
    <ClCompile Include="C:\Users\pabllopf\Desktop\Alis\4_Operation\Graphic\binding\cimgui\imgui\imgui_widgets.cpp">
      <Filter>Source Files</Filter>
    </ClCompile>
    <ClCompile Include="C:\Users\pabllopf\Desktop\Alis\4_Operation\Graphic\binding\cimgui\imguizmo\GraphEditor.cpp">
      <Filter>Source Files</Filter>
    </ClCompile>
    <ClCompile Include="C:\Users\pabllopf\Desktop\Alis\4_Operation\Graphic\binding\cimgui\imguizmo\ImCurveEdit.cpp">
      <Filter>Source Files</Filter>
    </ClCompile>
    <ClCompile Include="C:\Users\pabllopf\Desktop\Alis\4_Operation\Graphic\binding\cimgui\imguizmo\ImGradient.cpp">
      <Filter>Source Files</Filter>
    </ClCompile>
    <ClCompile Include="C:\Users\pabllopf\Desktop\Alis\4_Operation\Graphic\binding\cimgui\imguizmo\ImGuizmo.cpp">
      <Filter>Source Files</Filter>
    </ClCompile>
    <ClCompile Include="C:\Users\pabllopf\Desktop\Alis\4_Operation\Graphic\binding\cimgui\imguizmo\ImSequencer.cpp">
      <Filter>Source Files</Filter>
    </ClCompile>
    <ClCompile Include="C:\Users\pabllopf\Desktop\Alis\4_Operation\Graphic\binding\cimgui\imnodes\imnodes.cpp">
      <Filter>Source Files</Filter>
    </ClCompile>
    <ClCompile Include="C:\Users\pabllopf\Desktop\Alis\4_Operation\Graphic\binding\cimgui\implot\implot.cpp">
      <Filter>Source Files</Filter>
    </ClCompile>
    <ClCompile Include="C:\Users\pabllopf\Desktop\Alis\4_Operation\Graphic\binding\cimgui\implot\implot_demo.cpp">
      <Filter>Source Files</Filter>
    </ClCompile>
    <ClCompile Include="C:\Users\pabllopf\Desktop\Alis\4_Operation\Graphic\binding\cimgui\implot\implot_items.cpp">
      <Filter>Source Files</Filter>
    </ClCompile>
  </ItemGroup>
  <ItemGroup>
    <CustomBuild Include="C:\Users\pabllopf\Desktop\Alis\4_Operation\Graphic\binding\cimgui\CMakeLists.txt" />
  </ItemGroup>
  <ItemGroup>
    <Filter Include="Source Files">
      <UniqueIdentifier>{F3F39C09-5156-3249-B821-DF2AFDA5A2A2}</UniqueIdentifier>
    </Filter>
  </ItemGroup>
</Project>
